// !$*UTF8*$!
{
	archiveVersion = 1;
	classes = {
	};
	objectVersion = 46;
	objects = {

/* Begin PBXBuildFile section */
		0A16E8BC18114C6200DAFAE5 /* ClockView.m in Sources */ = {isa = PBXBuildFile; fileRef = 0A16E8BB18114C6200DAFAE5 /* ClockView.m */; };
		0A16E8BE18114D6600DAFAE5 /* QuartzCore.framework in Frameworks */ = {isa = PBXBuildFile; fileRef = 0A16E8BD18114D6600DAFAE5 /* QuartzCore.framework */; };
		0A46EA91180D7C0B00E7A6C1 /* GameKit.framework in Frameworks */ = {isa = PBXBuildFile; fileRef = 0A46EA90180D7C0B00E7A6C1 /* GameKit.framework */; };
		0A51A6241822878000DE7DD3 /* FeedBackViewController.m in Sources */ = {isa = PBXBuildFile; fileRef = 0A51A6221822878000DE7DD3 /* FeedBackViewController.m */; };
		0A51A6251822878000DE7DD3 /* FeedBackViewController.xib in Resources */ = {isa = PBXBuildFile; fileRef = 0A51A6231822878000DE7DD3 /* FeedBackViewController.xib */; };
		0A51A628182289AE00DE7DD3 /* UIPlaceHolderTextView.m in Sources */ = {isa = PBXBuildFile; fileRef = 0A51A627182289AE00DE7DD3 /* UIPlaceHolderTextView.m */; };
		0AB8BB65182278C0002255C2 /* AboutViewController.m in Sources */ = {isa = PBXBuildFile; fileRef = 0AB8BB63182278C0002255C2 /* AboutViewController.m */; };
		0AB8BB66182278C0002255C2 /* AboutViewController.xib in Resources */ = {isa = PBXBuildFile; fileRef = 0AB8BB64182278C0002255C2 /* AboutViewController.xib */; };
		427BEF431806A71F004AFB8C /* Foundation.framework in Frameworks */ = {isa = PBXBuildFile; fileRef = 427BEF421806A71F004AFB8C /* Foundation.framework */; };
		427BEF451806A71F004AFB8C /* CoreGraphics.framework in Frameworks */ = {isa = PBXBuildFile; fileRef = 427BEF441806A71F004AFB8C /* CoreGraphics.framework */; };
		427BEF471806A71F004AFB8C /* UIKit.framework in Frameworks */ = {isa = PBXBuildFile; fileRef = 427BEF461806A71F004AFB8C /* UIKit.framework */; };
		42B5C9231808F85900D2FB27 /* MediaPlayer.framework in Frameworks */ = {isa = PBXBuildFile; fileRef = 42B5C9221808F85900D2FB27 /* MediaPlayer.framework */; };
		42BBD88218079B330094E39D /* DialView.m in Sources */ = {isa = PBXBuildFile; fileRef = 42BBD88118079B330094E39D /* DialView.m */; };
		42BBD88518079B550094E39D /* AppsView.m in Sources */ = {isa = PBXBuildFile; fileRef = 42BBD88418079B550094E39D /* AppsView.m */; };
		42BBD88818079B7B0094E39D /* CommonAppsView.m in Sources */ = {isa = PBXBuildFile; fileRef = 42BBD88718079B7B0094E39D /* CommonAppsView.m */; };
		42BBD8911807A4BE0094E39D /* AllAppsView.m in Sources */ = {isa = PBXBuildFile; fileRef = 42BBD8901807A4BE0094E39D /* AllAppsView.m */; };
		42C676A718237B9600B8474D /* CameraImageHelper.m in Sources */ = {isa = PBXBuildFile; fileRef = 42C676A618237B9600B8474D /* CameraImageHelper.m */; };
		42C676B418237D7B00B8474D /* TryAdjustViewController.m in Sources */ = {isa = PBXBuildFile; fileRef = 42C676B318237D7B00B8474D /* TryAdjustViewController.m */; };
		42C676B7182393DF00B8474D /* UIImage+Tool.m in Sources */ = {isa = PBXBuildFile; fileRef = 42C676B6182393DF00B8474D /* UIImage+Tool.m */; };
		DD1BFBBA180AC0FC0001C200 /* NSIndexPath+PSTCollectionViewAdditions.m in Sources */ = {isa = PBXBuildFile; fileRef = DD1BFB9F180AC0FC0001C200 /* NSIndexPath+PSTCollectionViewAdditions.m */; };
		DD1BFBBB180AC0FC0001C200 /* PSTCollectionView.m in Sources */ = {isa = PBXBuildFile; fileRef = DD1BFBA1180AC0FC0001C200 /* PSTCollectionView.m */; };
		DD1BFBBC180AC0FC0001C200 /* PSTCollectionViewCell.m in Sources */ = {isa = PBXBuildFile; fileRef = DD1BFBA3180AC0FC0001C200 /* PSTCollectionViewCell.m */; };
		DD1BFBBD180AC0FC0001C200 /* PSTCollectionViewController.m in Sources */ = {isa = PBXBuildFile; fileRef = DD1BFBA6180AC0FC0001C200 /* PSTCollectionViewController.m */; };
		DD1BFBBE180AC0FC0001C200 /* PSTCollectionViewData.m in Sources */ = {isa = PBXBuildFile; fileRef = DD1BFBA8180AC0FC0001C200 /* PSTCollectionViewData.m */; };
		DD1BFBBF180AC0FC0001C200 /* PSTCollectionViewFlowLayout.m in Sources */ = {isa = PBXBuildFile; fileRef = DD1BFBAA180AC0FC0001C200 /* PSTCollectionViewFlowLayout.m */; };
		DD1BFBC0180AC0FC0001C200 /* PSTCollectionViewItemKey.m in Sources */ = {isa = PBXBuildFile; fileRef = DD1BFBAC180AC0FC0001C200 /* PSTCollectionViewItemKey.m */; };
		DD1BFBC1180AC0FC0001C200 /* PSTCollectionViewLayout.m in Sources */ = {isa = PBXBuildFile; fileRef = DD1BFBAF180AC0FC0001C200 /* PSTCollectionViewLayout.m */; };
		DD1BFBC2180AC0FC0001C200 /* PSTCollectionViewUpdateItem.m in Sources */ = {isa = PBXBuildFile; fileRef = DD1BFBB1180AC0FC0001C200 /* PSTCollectionViewUpdateItem.m */; };
		DD1BFBC3180AC0FC0001C200 /* PSTGridLayoutInfo.m in Sources */ = {isa = PBXBuildFile; fileRef = DD1BFBB3180AC0FC0001C200 /* PSTGridLayoutInfo.m */; };
		DD1BFBC4180AC0FC0001C200 /* PSTGridLayoutItem.m in Sources */ = {isa = PBXBuildFile; fileRef = DD1BFBB5180AC0FC0001C200 /* PSTGridLayoutItem.m */; };
		DD1BFBC5180AC0FC0001C200 /* PSTGridLayoutRow.m in Sources */ = {isa = PBXBuildFile; fileRef = DD1BFBB7180AC0FC0001C200 /* PSTGridLayoutRow.m */; };
		DD1BFBC6180AC0FC0001C200 /* PSTGridLayoutSection.m in Sources */ = {isa = PBXBuildFile; fileRef = DD1BFBB9180AC0FC0001C200 /* PSTGridLayoutSection.m */; };
		DD1BFBCA180AC1FD0001C200 /* SwitchWatchView.m in Sources */ = {isa = PBXBuildFile; fileRef = DD1BFBC9180AC1FD0001C200 /* SwitchWatchView.m */; };
		DD1BFBCD180AC24E0001C200 /* WatchVell.m in Sources */ = {isa = PBXBuildFile; fileRef = DD1BFBCC180AC24E0001C200 /* WatchVell.m */; };
		DD1BFBD0180AC7280001C200 /* FactoryMethods.m in Sources */ = {isa = PBXBuildFile; fileRef = DD1BFBCF180AC7280001C200 /* FactoryMethods.m */; };
		DD1BFBD6180AD5D90001C200 /* NotificationView.m in Sources */ = {isa = PBXBuildFile; fileRef = DD1BFBD5180AD5D90001C200 /* NotificationView.m */; };
		DD1BFBD9180AD6020001C200 /* NotificationCell.m in Sources */ = {isa = PBXBuildFile; fileRef = DD1BFBD8180AD6020001C200 /* NotificationCell.m */; };
		DD247F7F18126A8500D9E6D4 /* AppDelegate.m in Sources */ = {isa = PBXBuildFile; fileRef = DD247F7818126A8500D9E6D4 /* AppDelegate.m */; };
		DD247F8018126A8500D9E6D4 /* InfoPlist.strings in Resources */ = {isa = PBXBuildFile; fileRef = DD247F7918126A8500D9E6D4 /* InfoPlist.strings */; };
		DD247F8118126A8500D9E6D4 /* main.m in Sources */ = {isa = PBXBuildFile; fileRef = DD247F7B18126A8500D9E6D4 /* main.m */; };
		DD247F8418126A9C00D9E6D4 /* Images.xcassets in Resources */ = {isa = PBXBuildFile; fileRef = DD247F8318126A9C00D9E6D4 /* Images.xcassets */; };
		DD56A6CE181EB3AF0088AB49 /* DouBanConnection.framework in Frameworks */ = {isa = PBXBuildFile; fileRef = DD56A6A6181EB3AF0088AB49 /* DouBanConnection.framework */; };
		DD56A6CF181EB3AF0088AB49 /* QQConnection.framework in Frameworks */ = {isa = PBXBuildFile; fileRef = DD56A6A7181EB3AF0088AB49 /* QQConnection.framework */; };
		DD56A6D0181EB3AF0088AB49 /* QZoneConnection.framework in Frameworks */ = {isa = PBXBuildFile; fileRef = DD56A6A8181EB3AF0088AB49 /* QZoneConnection.framework */; };
		DD56A6D1181EB3AF0088AB49 /* RenRenConnection.framework in Frameworks */ = {isa = PBXBuildFile; fileRef = DD56A6A9181EB3AF0088AB49 /* RenRenConnection.framework */; };
		DD56A6D2181EB3AF0088AB49 /* SinaWeiboConnection.framework in Frameworks */ = {isa = PBXBuildFile; fileRef = DD56A6AA181EB3AF0088AB49 /* SinaWeiboConnection.framework */; };
		DD56A6D3181EB3B00088AB49 /* SMSConnection.framework in Frameworks */ = {isa = PBXBuildFile; fileRef = DD56A6AB181EB3AF0088AB49 /* SMSConnection.framework */; };
		DD56A6D4181EB3B00088AB49 /* TencentWeiboConnection.framework in Frameworks */ = {isa = PBXBuildFile; fileRef = DD56A6AC181EB3AF0088AB49 /* TencentWeiboConnection.framework */; };
		DD56A6D5181EB3B00088AB49 /* WeChatConnection.framework in Frameworks */ = {isa = PBXBuildFile; fileRef = DD56A6AD181EB3AF0088AB49 /* WeChatConnection.framework */; };
		DD56A6D6181EB3B00088AB49 /* AGCommon.framework in Frameworks */ = {isa = PBXBuildFile; fileRef = DD56A6AF181EB3AF0088AB49 /* AGCommon.framework */; };
		DD56A6D7181EB3B00088AB49 /* ShareSDKLocalizable.strings in Resources */ = {isa = PBXBuildFile; fileRef = DD56A6B0181EB3AF0088AB49 /* ShareSDKLocalizable.strings */; };
		DD56A6D8181EB3B00088AB49 /* Resource.bundle in Resources */ = {isa = PBXBuildFile; fileRef = DD56A6B2181EB3AF0088AB49 /* Resource.bundle */; };
		DD56A6D9181EB3B00088AB49 /* ShareSDKCoreService.framework in Frameworks */ = {isa = PBXBuildFile; fileRef = DD56A6B3181EB3AF0088AB49 /* ShareSDKCoreService.framework */; };
		DD56A6DA181EB3B00088AB49 /* libSinaWeiboSDK.a in Frameworks */ = {isa = PBXBuildFile; fileRef = DD56A6B7181EB3AF0088AB49 /* libSinaWeiboSDK.a */; };
		DD56A6DB181EB3B00088AB49 /* WeiboSDK.bundle in Resources */ = {isa = PBXBuildFile; fileRef = DD56A6B8181EB3AF0088AB49 /* WeiboSDK.bundle */; };
		DD56A6DC181EB3B00088AB49 /* RennSDK.bundle in Resources */ = {isa = PBXBuildFile; fileRef = DD56A6BB181EB3AF0088AB49 /* RennSDK.bundle */; };
		DD56A6DD181EB3B00088AB49 /* RennSDK.framework in Frameworks */ = {isa = PBXBuildFile; fileRef = DD56A6BC181EB3AF0088AB49 /* RennSDK.framework */; };
		DD56A6DE181EB3B00088AB49 /* libWeChatSDK.a in Frameworks */ = {isa = PBXBuildFile; fileRef = DD56A6BE181EB3AF0088AB49 /* libWeChatSDK.a */; };
		DD56A6DF181EB3B00088AB49 /* TencentOpenAPI.framework in Frameworks */ = {isa = PBXBuildFile; fileRef = DD56A6C1181EB3AF0088AB49 /* TencentOpenAPI.framework */; };
		DD56A6E0181EB3B00088AB49 /* TencentOpenApi_IOS_Bundle.bundle in Resources */ = {isa = PBXBuildFile; fileRef = DD56A6C2181EB3AF0088AB49 /* TencentOpenApi_IOS_Bundle.bundle */; };
		DD56A6E1181EB3B00088AB49 /* libWeiboSDK.a in Frameworks */ = {isa = PBXBuildFile; fileRef = DD56A6C4181EB3AF0088AB49 /* libWeiboSDK.a */; };
		DD56A6E2181EB3B00088AB49 /* ShareSDK.framework in Frameworks */ = {isa = PBXBuildFile; fileRef = DD56A6C7181EB3AF0088AB49 /* ShareSDK.framework */; };
		DD56A6E3181EB3B00088AB49 /* ShareSDKiPhoneAppRecommendShareViewUI.framework in Frameworks */ = {isa = PBXBuildFile; fileRef = DD56A6C9181EB3AF0088AB49 /* ShareSDKiPhoneAppRecommendShareViewUI.framework */; };
		DD56A6E4181EB3B00088AB49 /* ShareSDKiPhoneDefaultShareViewUI.bundle in Resources */ = {isa = PBXBuildFile; fileRef = DD56A6CA181EB3AF0088AB49 /* ShareSDKiPhoneDefaultShareViewUI.bundle */; };
		DD56A6E5181EB3B00088AB49 /* ShareSDKiPhoneDefaultShareViewUI.framework in Frameworks */ = {isa = PBXBuildFile; fileRef = DD56A6CB181EB3AF0088AB49 /* ShareSDKiPhoneDefaultShareViewUI.framework */; };
		DD56A6E6181EB3B00088AB49 /* ShareSDKiPhoneSimpleShareViewUI.bundle in Resources */ = {isa = PBXBuildFile; fileRef = DD56A6CC181EB3AF0088AB49 /* ShareSDKiPhoneSimpleShareViewUI.bundle */; };
		DD56A6E7181EB3B00088AB49 /* ShareSDKiPhoneSimpleShareViewUI.framework in Frameworks */ = {isa = PBXBuildFile; fileRef = DD56A6CD181EB3AF0088AB49 /* ShareSDKiPhoneSimpleShareViewUI.framework */; };
		DD56A6E9181EB4920088AB49 /* SystemConfiguration.framework in Frameworks */ = {isa = PBXBuildFile; fileRef = DD56A6E8181EB4920088AB49 /* SystemConfiguration.framework */; };
		DD56A6EB181EB4B20088AB49 /* libicucore.dylib in Frameworks */ = {isa = PBXBuildFile; fileRef = DD56A6EA181EB4B20088AB49 /* libicucore.dylib */; };
		DD56A6ED181EB4BD0088AB49 /* libz.1.2.5.dylib in Frameworks */ = {isa = PBXBuildFile; fileRef = DD56A6EC181EB4BD0088AB49 /* libz.1.2.5.dylib */; };
		DD56A6EF181EB4D20088AB49 /* libstdc++.dylib in Frameworks */ = {isa = PBXBuildFile; fileRef = DD56A6EE181EB4D20088AB49 /* libstdc++.dylib */; };
		DD56A6F1181EB4DE0088AB49 /* libsqlite3.dylib in Frameworks */ = {isa = PBXBuildFile; fileRef = DD56A6F0181EB4DE0088AB49 /* libsqlite3.dylib */; };
		DD56A6F3181EB4E90088AB49 /* CoreTelephony.framework in Frameworks */ = {isa = PBXBuildFile; fileRef = DD56A6F2181EB4E90088AB49 /* CoreTelephony.framework */; };
		DD56A6F5181EB5420088AB49 /* MessageUI.framework in Frameworks */ = {isa = PBXBuildFile; fileRef = DD56A6F4181EB5420088AB49 /* MessageUI.framework */; };
		DD56A6F9181FE6FC0088AB49 /* SettingView.m in Sources */ = {isa = PBXBuildFile; fileRef = DD56A6F8181FE6FC0088AB49 /* SettingView.m */; };
		DD56A702181FFC150088AB49 /* SettingCell.m in Sources */ = {isa = PBXBuildFile; fileRef = DD56A701181FFC150088AB49 /* SettingCell.m */; };
		DD56A70D1821434A0088AB49 /* RootViewController+BottomNavigationbar.m in Sources */ = {isa = PBXBuildFile; fileRef = DD56A7061821434A0088AB49 /* RootViewController+BottomNavigationbar.m */; };
		DD56A70F1821434A0088AB49 /* RootViewController+SettingView.m in Sources */ = {isa = PBXBuildFile; fileRef = DD56A70A1821434A0088AB49 /* RootViewController+SettingView.m */; };
		DD56A7101821434A0088AB49 /* RootViewController.m in Sources */ = {isa = PBXBuildFile; fileRef = DD56A70C1821434A0088AB49 /* RootViewController.m */; };
		DD56A719182143920088AB49 /* MovieViewController.m in Sources */ = {isa = PBXBuildFile; fileRef = DD56A713182143920088AB49 /* MovieViewController.m */; };
		DD56A71A182143920088AB49 /* SignViewController.m in Sources */ = {isa = PBXBuildFile; fileRef = DD56A716182143920088AB49 /* SignViewController.m */; };
		DD56A71F1821441A0088AB49 /* _360ViewController.m in Sources */ = {isa = PBXBuildFile; fileRef = DD56A71D1821441A0088AB49 /* _360ViewController.m */; };
		DD56A7201821441A0088AB49 /* _360ViewController.xib in Resources */ = {isa = PBXBuildFile; fileRef = DD56A71E1821441A0088AB49 /* _360ViewController.xib */; };
		DD56A724182144490088AB49 /* TryViewController.m in Sources */ = {isa = PBXBuildFile; fileRef = DD56A722182144490088AB49 /* TryViewController.m */; };
		DD56A7281821448E0088AB49 /* TMNavigationController.m in Sources */ = {isa = PBXBuildFile; fileRef = DD56A7271821448E0088AB49 /* TMNavigationController.m */; };
		DD56A72D182146010088AB49 /* ShopViewController.m in Sources */ = {isa = PBXBuildFile; fileRef = DD56A72A182146010088AB49 /* ShopViewController.m */; };
		DD56A72E182146010088AB49 /* ShopViewController+NaivBar.m in Sources */ = {isa = PBXBuildFile; fileRef = DD56A72C182146010088AB49 /* ShopViewController+NaivBar.m */; };
		DD56A731182146800088AB49 /* NaviCommonViewController.m in Sources */ = {isa = PBXBuildFile; fileRef = DD56A730182146800088AB49 /* NaviCommonViewController.m */; };
		DD56A73F18214BE30088AB49 /* MoreSettingViewController.m in Sources */ = {isa = PBXBuildFile; fileRef = DD56A73D18214BE30088AB49 /* MoreSettingViewController.m */; };
		DD56A74018214BE30088AB49 /* MoreSettingViewController.xib in Resources */ = {isa = PBXBuildFile; fileRef = DD56A73E18214BE30088AB49 /* MoreSettingViewController.xib */; };
		DD56A743182287410088AB49 /* FVImageSequence.m in Sources */ = {isa = PBXBuildFile; fileRef = DD56A742182287400088AB49 /* FVImageSequence.m */; };
		DD56A769182287C10088AB49 /* Seq_v04_640x378_0.jpg in Resources */ = {isa = PBXBuildFile; fileRef = DD56A745182287C10088AB49 /* Seq_v04_640x378_0.jpg */; };
		DD56A76A182287C10088AB49 /* Seq_v04_640x378_1.jpg in Resources */ = {isa = PBXBuildFile; fileRef = DD56A746182287C10088AB49 /* Seq_v04_640x378_1.jpg */; };
		DD56A76B182287C10088AB49 /* Seq_v04_640x378_10.jpg in Resources */ = {isa = PBXBuildFile; fileRef = DD56A747182287C10088AB49 /* Seq_v04_640x378_10.jpg */; };
		DD56A76C182287C10088AB49 /* Seq_v04_640x378_11.jpg in Resources */ = {isa = PBXBuildFile; fileRef = DD56A748182287C10088AB49 /* Seq_v04_640x378_11.jpg */; };
		DD56A76D182287C10088AB49 /* Seq_v04_640x378_12.jpg in Resources */ = {isa = PBXBuildFile; fileRef = DD56A749182287C10088AB49 /* Seq_v04_640x378_12.jpg */; };
		DD56A76E182287C10088AB49 /* Seq_v04_640x378_13.jpg in Resources */ = {isa = PBXBuildFile; fileRef = DD56A74A182287C10088AB49 /* Seq_v04_640x378_13.jpg */; };
		DD56A76F182287C10088AB49 /* Seq_v04_640x378_14.jpg in Resources */ = {isa = PBXBuildFile; fileRef = DD56A74B182287C10088AB49 /* Seq_v04_640x378_14.jpg */; };
		DD56A770182287C10088AB49 /* Seq_v04_640x378_15.jpg in Resources */ = {isa = PBXBuildFile; fileRef = DD56A74C182287C10088AB49 /* Seq_v04_640x378_15.jpg */; };
		DD56A771182287C10088AB49 /* Seq_v04_640x378_16.jpg in Resources */ = {isa = PBXBuildFile; fileRef = DD56A74D182287C10088AB49 /* Seq_v04_640x378_16.jpg */; };
		DD56A772182287C10088AB49 /* Seq_v04_640x378_17.jpg in Resources */ = {isa = PBXBuildFile; fileRef = DD56A74E182287C10088AB49 /* Seq_v04_640x378_17.jpg */; };
		DD56A773182287C10088AB49 /* Seq_v04_640x378_18.jpg in Resources */ = {isa = PBXBuildFile; fileRef = DD56A74F182287C10088AB49 /* Seq_v04_640x378_18.jpg */; };
		DD56A774182287C10088AB49 /* Seq_v04_640x378_19.jpg in Resources */ = {isa = PBXBuildFile; fileRef = DD56A750182287C10088AB49 /* Seq_v04_640x378_19.jpg */; };
		DD56A775182287C10088AB49 /* Seq_v04_640x378_2.jpg in Resources */ = {isa = PBXBuildFile; fileRef = DD56A751182287C10088AB49 /* Seq_v04_640x378_2.jpg */; };
		DD56A776182287C10088AB49 /* Seq_v04_640x378_20.jpg in Resources */ = {isa = PBXBuildFile; fileRef = DD56A752182287C10088AB49 /* Seq_v04_640x378_20.jpg */; };
		DD56A777182287C10088AB49 /* Seq_v04_640x378_21.jpg in Resources */ = {isa = PBXBuildFile; fileRef = DD56A753182287C10088AB49 /* Seq_v04_640x378_21.jpg */; };
		DD56A778182287C10088AB49 /* Seq_v04_640x378_22.jpg in Resources */ = {isa = PBXBuildFile; fileRef = DD56A754182287C10088AB49 /* Seq_v04_640x378_22.jpg */; };
		DD56A779182287C10088AB49 /* Seq_v04_640x378_23.jpg in Resources */ = {isa = PBXBuildFile; fileRef = DD56A755182287C10088AB49 /* Seq_v04_640x378_23.jpg */; };
		DD56A77A182287C10088AB49 /* Seq_v04_640x378_24.jpg in Resources */ = {isa = PBXBuildFile; fileRef = DD56A756182287C10088AB49 /* Seq_v04_640x378_24.jpg */; };
		DD56A77B182287C10088AB49 /* Seq_v04_640x378_25.jpg in Resources */ = {isa = PBXBuildFile; fileRef = DD56A757182287C10088AB49 /* Seq_v04_640x378_25.jpg */; };
		DD56A77C182287C10088AB49 /* Seq_v04_640x378_26.jpg in Resources */ = {isa = PBXBuildFile; fileRef = DD56A758182287C10088AB49 /* Seq_v04_640x378_26.jpg */; };
		DD56A77D182287C10088AB49 /* Seq_v04_640x378_27.jpg in Resources */ = {isa = PBXBuildFile; fileRef = DD56A759182287C10088AB49 /* Seq_v04_640x378_27.jpg */; };
		DD56A77E182287C10088AB49 /* Seq_v04_640x378_28.jpg in Resources */ = {isa = PBXBuildFile; fileRef = DD56A75A182287C10088AB49 /* Seq_v04_640x378_28.jpg */; };
		DD56A77F182287C10088AB49 /* Seq_v04_640x378_29.jpg in Resources */ = {isa = PBXBuildFile; fileRef = DD56A75B182287C10088AB49 /* Seq_v04_640x378_29.jpg */; };
		DD56A780182287C10088AB49 /* Seq_v04_640x378_3.jpg in Resources */ = {isa = PBXBuildFile; fileRef = DD56A75C182287C10088AB49 /* Seq_v04_640x378_3.jpg */; };
		DD56A781182287C10088AB49 /* Seq_v04_640x378_30.jpg in Resources */ = {isa = PBXBuildFile; fileRef = DD56A75D182287C10088AB49 /* Seq_v04_640x378_30.jpg */; };
		DD56A782182287C10088AB49 /* Seq_v04_640x378_31.jpg in Resources */ = {isa = PBXBuildFile; fileRef = DD56A75E182287C10088AB49 /* Seq_v04_640x378_31.jpg */; };
		DD56A783182287C10088AB49 /* Seq_v04_640x378_32.jpg in Resources */ = {isa = PBXBuildFile; fileRef = DD56A75F182287C10088AB49 /* Seq_v04_640x378_32.jpg */; };
		DD56A784182287C10088AB49 /* Seq_v04_640x378_33.jpg in Resources */ = {isa = PBXBuildFile; fileRef = DD56A760182287C10088AB49 /* Seq_v04_640x378_33.jpg */; };
		DD56A785182287C10088AB49 /* Seq_v04_640x378_34.jpg in Resources */ = {isa = PBXBuildFile; fileRef = DD56A761182287C10088AB49 /* Seq_v04_640x378_34.jpg */; };
		DD56A786182287C10088AB49 /* Seq_v04_640x378_35.jpg in Resources */ = {isa = PBXBuildFile; fileRef = DD56A762182287C10088AB49 /* Seq_v04_640x378_35.jpg */; };
		DD56A787182287C10088AB49 /* Seq_v04_640x378_4.jpg in Resources */ = {isa = PBXBuildFile; fileRef = DD56A763182287C10088AB49 /* Seq_v04_640x378_4.jpg */; };
		DD56A788182287C10088AB49 /* Seq_v04_640x378_5.jpg in Resources */ = {isa = PBXBuildFile; fileRef = DD56A764182287C10088AB49 /* Seq_v04_640x378_5.jpg */; };
		DD56A789182287C10088AB49 /* Seq_v04_640x378_6.jpg in Resources */ = {isa = PBXBuildFile; fileRef = DD56A765182287C10088AB49 /* Seq_v04_640x378_6.jpg */; };
		DD56A78A182287C10088AB49 /* Seq_v04_640x378_7.jpg in Resources */ = {isa = PBXBuildFile; fileRef = DD56A766182287C10088AB49 /* Seq_v04_640x378_7.jpg */; };
		DD56A78B182287C10088AB49 /* Seq_v04_640x378_8.jpg in Resources */ = {isa = PBXBuildFile; fileRef = DD56A767182287C10088AB49 /* Seq_v04_640x378_8.jpg */; };
		DD56A78C182287C10088AB49 /* Seq_v04_640x378_9.jpg in Resources */ = {isa = PBXBuildFile; fileRef = DD56A768182287C10088AB49 /* Seq_v04_640x378_9.jpg */; };
		DD56A79418229ADE0088AB49 /* AGAuthViewController.m in Sources */ = {isa = PBXBuildFile; fileRef = DD56A79018229ADE0088AB49 /* AGAuthViewController.m */; };
		DD56A79518229ADE0088AB49 /* AGShareCell.m in Sources */ = {isa = PBXBuildFile; fileRef = DD56A79318229ADE0088AB49 /* AGShareCell.m */; };
		DD56A79818229CC00088AB49 /* AGViewDelegate.m in Sources */ = {isa = PBXBuildFile; fileRef = DD56A79618229CC00088AB49 /* AGViewDelegate.m */; };
		DDEC67E11807010200F3DD7A /* WatchView.m in Sources */ = {isa = PBXBuildFile; fileRef = DDEC67E01807010200F3DD7A /* WatchView.m */; };
/* End PBXBuildFile section */

/* Begin PBXFileReference section */
		0A16E8BA18114C6200DAFAE5 /* ClockView.h */ = {isa = PBXFileReference; fileEncoding = 4; lastKnownFileType = sourcecode.c.h; name = ClockView.h; path = WatchTypeView/ClockView.h; sourceTree = "<group>"; };
		0A16E8BB18114C6200DAFAE5 /* ClockView.m */ = {isa = PBXFileReference; fileEncoding = 4; lastKnownFileType = sourcecode.c.objc; name = ClockView.m; path = WatchTypeView/ClockView.m; sourceTree = "<group>"; };
		0A16E8BD18114D6600DAFAE5 /* QuartzCore.framework */ = {isa = PBXFileReference; lastKnownFileType = wrapper.framework; name = QuartzCore.framework; path = System/Library/Frameworks/QuartzCore.framework; sourceTree = SDKROOT; };
		0A46EA90180D7C0B00E7A6C1 /* GameKit.framework */ = {isa = PBXFileReference; lastKnownFileType = wrapper.framework; name = GameKit.framework; path = System/Library/Frameworks/GameKit.framework; sourceTree = SDKROOT; };
		0A51A6211822878000DE7DD3 /* FeedBackViewController.h */ = {isa = PBXFileReference; fileEncoding = 4; lastKnownFileType = sourcecode.c.h; path = FeedBackViewController.h; sourceTree = "<group>"; };
		0A51A6221822878000DE7DD3 /* FeedBackViewController.m */ = {isa = PBXFileReference; fileEncoding = 4; lastKnownFileType = sourcecode.c.objc; path = FeedBackViewController.m; sourceTree = "<group>"; };
		0A51A6231822878000DE7DD3 /* FeedBackViewController.xib */ = {isa = PBXFileReference; fileEncoding = 4; lastKnownFileType = file.xib; path = FeedBackViewController.xib; sourceTree = "<group>"; };
		0A51A626182289AE00DE7DD3 /* UIPlaceHolderTextView.h */ = {isa = PBXFileReference; fileEncoding = 4; lastKnownFileType = sourcecode.c.h; path = UIPlaceHolderTextView.h; sourceTree = "<group>"; };
		0A51A627182289AE00DE7DD3 /* UIPlaceHolderTextView.m */ = {isa = PBXFileReference; fileEncoding = 4; lastKnownFileType = sourcecode.c.objc; path = UIPlaceHolderTextView.m; sourceTree = "<group>"; };
		0AB8BB62182278C0002255C2 /* AboutViewController.h */ = {isa = PBXFileReference; fileEncoding = 4; lastKnownFileType = sourcecode.c.h; path = AboutViewController.h; sourceTree = "<group>"; };
		0AB8BB63182278C0002255C2 /* AboutViewController.m */ = {isa = PBXFileReference; fileEncoding = 4; lastKnownFileType = sourcecode.c.objc; path = AboutViewController.m; sourceTree = "<group>"; };
		0AB8BB64182278C0002255C2 /* AboutViewController.xib */ = {isa = PBXFileReference; fileEncoding = 4; lastKnownFileType = file.xib; path = AboutViewController.xib; sourceTree = "<group>"; };
		427BEF3F1806A71F004AFB8C /* Twatch.app */ = {isa = PBXFileReference; explicitFileType = wrapper.application; includeInIndex = 0; path = Twatch.app; sourceTree = BUILT_PRODUCTS_DIR; };
		427BEF421806A71F004AFB8C /* Foundation.framework */ = {isa = PBXFileReference; lastKnownFileType = wrapper.framework; name = Foundation.framework; path = System/Library/Frameworks/Foundation.framework; sourceTree = SDKROOT; };
		427BEF441806A71F004AFB8C /* CoreGraphics.framework */ = {isa = PBXFileReference; lastKnownFileType = wrapper.framework; name = CoreGraphics.framework; path = System/Library/Frameworks/CoreGraphics.framework; sourceTree = SDKROOT; };
		427BEF461806A71F004AFB8C /* UIKit.framework */ = {isa = PBXFileReference; lastKnownFileType = wrapper.framework; name = UIKit.framework; path = System/Library/Frameworks/UIKit.framework; sourceTree = SDKROOT; };
		427BEF5B1806A71F004AFB8C /* XCTest.framework */ = {isa = PBXFileReference; lastKnownFileType = wrapper.framework; name = XCTest.framework; path = Library/Frameworks/XCTest.framework; sourceTree = DEVELOPER_DIR; };
		42B5C91E1808EE7E00D2FB27 /* AVFoundation.framework */ = {isa = PBXFileReference; lastKnownFileType = wrapper.framework; name = AVFoundation.framework; path = System/Library/Frameworks/AVFoundation.framework; sourceTree = SDKROOT; };
		42B5C91F1808EE7E00D2FB27 /* CoreVideo.framework */ = {isa = PBXFileReference; lastKnownFileType = wrapper.framework; name = CoreVideo.framework; path = System/Library/Frameworks/CoreVideo.framework; sourceTree = SDKROOT; };
		42B5C9221808F85900D2FB27 /* MediaPlayer.framework */ = {isa = PBXFileReference; lastKnownFileType = wrapper.framework; name = MediaPlayer.framework; path = System/Library/Frameworks/MediaPlayer.framework; sourceTree = SDKROOT; };
		42BBD88018079B330094E39D /* DialView.h */ = {isa = PBXFileReference; fileEncoding = 4; lastKnownFileType = sourcecode.c.h; path = DialView.h; sourceTree = "<group>"; };
		42BBD88118079B330094E39D /* DialView.m */ = {isa = PBXFileReference; fileEncoding = 4; lastKnownFileType = sourcecode.c.objc; path = DialView.m; sourceTree = "<group>"; };
		42BBD88318079B550094E39D /* AppsView.h */ = {isa = PBXFileReference; fileEncoding = 4; lastKnownFileType = sourcecode.c.h; path = AppsView.h; sourceTree = "<group>"; };
		42BBD88418079B550094E39D /* AppsView.m */ = {isa = PBXFileReference; fileEncoding = 4; lastKnownFileType = sourcecode.c.objc; path = AppsView.m; sourceTree = "<group>"; };
		42BBD88618079B7B0094E39D /* CommonAppsView.h */ = {isa = PBXFileReference; fileEncoding = 4; lastKnownFileType = sourcecode.c.h; path = CommonAppsView.h; sourceTree = "<group>"; };
		42BBD88718079B7B0094E39D /* CommonAppsView.m */ = {isa = PBXFileReference; fileEncoding = 4; lastKnownFileType = sourcecode.c.objc; path = CommonAppsView.m; sourceTree = "<group>"; };
		42BBD88F1807A4BE0094E39D /* AllAppsView.h */ = {isa = PBXFileReference; fileEncoding = 4; lastKnownFileType = sourcecode.c.h; path = AllAppsView.h; sourceTree = "<group>"; };
		42BBD8901807A4BE0094E39D /* AllAppsView.m */ = {isa = PBXFileReference; fileEncoding = 4; lastKnownFileType = sourcecode.c.objc; path = AllAppsView.m; sourceTree = "<group>"; };
		42C676A518237B9600B8474D /* CameraImageHelper.h */ = {isa = PBXFileReference; fileEncoding = 4; lastKnownFileType = sourcecode.c.h; name = CameraImageHelper.h; path = CameraImageHelper/CameraImageHelper.h; sourceTree = "<group>"; };
		42C676A618237B9600B8474D /* CameraImageHelper.m */ = {isa = PBXFileReference; fileEncoding = 4; lastKnownFileType = sourcecode.c.objc; name = CameraImageHelper.m; path = CameraImageHelper/CameraImageHelper.m; sourceTree = "<group>"; };
		42C676B218237D7B00B8474D /* TryAdjustViewController.h */ = {isa = PBXFileReference; fileEncoding = 4; lastKnownFileType = sourcecode.c.h; path = TryAdjustViewController.h; sourceTree = "<group>"; };
		42C676B318237D7B00B8474D /* TryAdjustViewController.m */ = {isa = PBXFileReference; fileEncoding = 4; lastKnownFileType = sourcecode.c.objc; path = TryAdjustViewController.m; sourceTree = "<group>"; };
		42C676B5182393DF00B8474D /* UIImage+Tool.h */ = {isa = PBXFileReference; fileEncoding = 4; lastKnownFileType = sourcecode.c.h; path = "UIImage+Tool.h"; sourceTree = "<group>"; };
		42C676B6182393DF00B8474D /* UIImage+Tool.m */ = {isa = PBXFileReference; fileEncoding = 4; lastKnownFileType = sourcecode.c.objc; path = "UIImage+Tool.m"; sourceTree = "<group>"; };
		DD1BFB9E180AC0FC0001C200 /* NSIndexPath+PSTCollectionViewAdditions.h */ = {isa = PBXFileReference; fileEncoding = 4; lastKnownFileType = sourcecode.c.h; path = "NSIndexPath+PSTCollectionViewAdditions.h"; sourceTree = "<group>"; };
		DD1BFB9F180AC0FC0001C200 /* NSIndexPath+PSTCollectionViewAdditions.m */ = {isa = PBXFileReference; fileEncoding = 4; lastKnownFileType = sourcecode.c.objc; path = "NSIndexPath+PSTCollectionViewAdditions.m"; sourceTree = "<group>"; };
		DD1BFBA0180AC0FC0001C200 /* PSTCollectionView.h */ = {isa = PBXFileReference; fileEncoding = 4; lastKnownFileType = sourcecode.c.h; path = PSTCollectionView.h; sourceTree = "<group>"; };
		DD1BFBA1180AC0FC0001C200 /* PSTCollectionView.m */ = {isa = PBXFileReference; fileEncoding = 4; lastKnownFileType = sourcecode.c.objc; path = PSTCollectionView.m; sourceTree = "<group>"; };
		DD1BFBA2180AC0FC0001C200 /* PSTCollectionViewCell.h */ = {isa = PBXFileReference; fileEncoding = 4; lastKnownFileType = sourcecode.c.h; path = PSTCollectionViewCell.h; sourceTree = "<group>"; };
		DD1BFBA3180AC0FC0001C200 /* PSTCollectionViewCell.m */ = {isa = PBXFileReference; fileEncoding = 4; lastKnownFileType = sourcecode.c.objc; path = PSTCollectionViewCell.m; sourceTree = "<group>"; };
		DD1BFBA4180AC0FC0001C200 /* PSTCollectionViewCommon.h */ = {isa = PBXFileReference; fileEncoding = 4; lastKnownFileType = sourcecode.c.h; path = PSTCollectionViewCommon.h; sourceTree = "<group>"; };
		DD1BFBA5180AC0FC0001C200 /* PSTCollectionViewController.h */ = {isa = PBXFileReference; fileEncoding = 4; lastKnownFileType = sourcecode.c.h; path = PSTCollectionViewController.h; sourceTree = "<group>"; };
		DD1BFBA6180AC0FC0001C200 /* PSTCollectionViewController.m */ = {isa = PBXFileReference; fileEncoding = 4; lastKnownFileType = sourcecode.c.objc; path = PSTCollectionViewController.m; sourceTree = "<group>"; };
		DD1BFBA7180AC0FC0001C200 /* PSTCollectionViewData.h */ = {isa = PBXFileReference; fileEncoding = 4; lastKnownFileType = sourcecode.c.h; path = PSTCollectionViewData.h; sourceTree = "<group>"; };
		DD1BFBA8180AC0FC0001C200 /* PSTCollectionViewData.m */ = {isa = PBXFileReference; fileEncoding = 4; lastKnownFileType = sourcecode.c.objc; path = PSTCollectionViewData.m; sourceTree = "<group>"; };
		DD1BFBA9180AC0FC0001C200 /* PSTCollectionViewFlowLayout.h */ = {isa = PBXFileReference; fileEncoding = 4; lastKnownFileType = sourcecode.c.h; path = PSTCollectionViewFlowLayout.h; sourceTree = "<group>"; };
		DD1BFBAA180AC0FC0001C200 /* PSTCollectionViewFlowLayout.m */ = {isa = PBXFileReference; fileEncoding = 4; lastKnownFileType = sourcecode.c.objc; path = PSTCollectionViewFlowLayout.m; sourceTree = "<group>"; };
		DD1BFBAB180AC0FC0001C200 /* PSTCollectionViewItemKey.h */ = {isa = PBXFileReference; fileEncoding = 4; lastKnownFileType = sourcecode.c.h; path = PSTCollectionViewItemKey.h; sourceTree = "<group>"; };
		DD1BFBAC180AC0FC0001C200 /* PSTCollectionViewItemKey.m */ = {isa = PBXFileReference; fileEncoding = 4; lastKnownFileType = sourcecode.c.objc; path = PSTCollectionViewItemKey.m; sourceTree = "<group>"; };
		DD1BFBAD180AC0FC0001C200 /* PSTCollectionViewLayout+Internals.h */ = {isa = PBXFileReference; fileEncoding = 4; lastKnownFileType = sourcecode.c.h; path = "PSTCollectionViewLayout+Internals.h"; sourceTree = "<group>"; };
		DD1BFBAE180AC0FC0001C200 /* PSTCollectionViewLayout.h */ = {isa = PBXFileReference; fileEncoding = 4; lastKnownFileType = sourcecode.c.h; path = PSTCollectionViewLayout.h; sourceTree = "<group>"; };
		DD1BFBAF180AC0FC0001C200 /* PSTCollectionViewLayout.m */ = {isa = PBXFileReference; fileEncoding = 4; lastKnownFileType = sourcecode.c.objc; path = PSTCollectionViewLayout.m; sourceTree = "<group>"; };
		DD1BFBB0180AC0FC0001C200 /* PSTCollectionViewUpdateItem.h */ = {isa = PBXFileReference; fileEncoding = 4; lastKnownFileType = sourcecode.c.h; path = PSTCollectionViewUpdateItem.h; sourceTree = "<group>"; };
		DD1BFBB1180AC0FC0001C200 /* PSTCollectionViewUpdateItem.m */ = {isa = PBXFileReference; fileEncoding = 4; lastKnownFileType = sourcecode.c.objc; path = PSTCollectionViewUpdateItem.m; sourceTree = "<group>"; };
		DD1BFBB2180AC0FC0001C200 /* PSTGridLayoutInfo.h */ = {isa = PBXFileReference; fileEncoding = 4; lastKnownFileType = sourcecode.c.h; path = PSTGridLayoutInfo.h; sourceTree = "<group>"; };
		DD1BFBB3180AC0FC0001C200 /* PSTGridLayoutInfo.m */ = {isa = PBXFileReference; fileEncoding = 4; lastKnownFileType = sourcecode.c.objc; path = PSTGridLayoutInfo.m; sourceTree = "<group>"; };
		DD1BFBB4180AC0FC0001C200 /* PSTGridLayoutItem.h */ = {isa = PBXFileReference; fileEncoding = 4; lastKnownFileType = sourcecode.c.h; path = PSTGridLayoutItem.h; sourceTree = "<group>"; };
		DD1BFBB5180AC0FC0001C200 /* PSTGridLayoutItem.m */ = {isa = PBXFileReference; fileEncoding = 4; lastKnownFileType = sourcecode.c.objc; path = PSTGridLayoutItem.m; sourceTree = "<group>"; };
		DD1BFBB6180AC0FC0001C200 /* PSTGridLayoutRow.h */ = {isa = PBXFileReference; fileEncoding = 4; lastKnownFileType = sourcecode.c.h; path = PSTGridLayoutRow.h; sourceTree = "<group>"; };
		DD1BFBB7180AC0FC0001C200 /* PSTGridLayoutRow.m */ = {isa = PBXFileReference; fileEncoding = 4; lastKnownFileType = sourcecode.c.objc; path = PSTGridLayoutRow.m; sourceTree = "<group>"; };
		DD1BFBB8180AC0FC0001C200 /* PSTGridLayoutSection.h */ = {isa = PBXFileReference; fileEncoding = 4; lastKnownFileType = sourcecode.c.h; path = PSTGridLayoutSection.h; sourceTree = "<group>"; };
		DD1BFBB9180AC0FC0001C200 /* PSTGridLayoutSection.m */ = {isa = PBXFileReference; fileEncoding = 4; lastKnownFileType = sourcecode.c.objc; path = PSTGridLayoutSection.m; sourceTree = "<group>"; };
		DD1BFBC8180AC1FD0001C200 /* SwitchWatchView.h */ = {isa = PBXFileReference; fileEncoding = 4; lastKnownFileType = sourcecode.c.h; path = SwitchWatchView.h; sourceTree = "<group>"; };
		DD1BFBC9180AC1FD0001C200 /* SwitchWatchView.m */ = {isa = PBXFileReference; fileEncoding = 4; lastKnownFileType = sourcecode.c.objc; path = SwitchWatchView.m; sourceTree = "<group>"; };
		DD1BFBCB180AC24E0001C200 /* WatchVell.h */ = {isa = PBXFileReference; fileEncoding = 4; lastKnownFileType = sourcecode.c.h; path = WatchVell.h; sourceTree = "<group>"; };
		DD1BFBCC180AC24E0001C200 /* WatchVell.m */ = {isa = PBXFileReference; fileEncoding = 4; lastKnownFileType = sourcecode.c.objc; path = WatchVell.m; sourceTree = "<group>"; };
		DD1BFBCE180AC7280001C200 /* FactoryMethods.h */ = {isa = PBXFileReference; fileEncoding = 4; lastKnownFileType = sourcecode.c.h; path = FactoryMethods.h; sourceTree = "<group>"; };
		DD1BFBCF180AC7280001C200 /* FactoryMethods.m */ = {isa = PBXFileReference; fileEncoding = 4; lastKnownFileType = sourcecode.c.objc; path = FactoryMethods.m; sourceTree = "<group>"; };
		DD1BFBD4180AD5D90001C200 /* NotificationView.h */ = {isa = PBXFileReference; fileEncoding = 4; lastKnownFileType = sourcecode.c.h; path = NotificationView.h; sourceTree = "<group>"; };
		DD1BFBD5180AD5D90001C200 /* NotificationView.m */ = {isa = PBXFileReference; fileEncoding = 4; lastKnownFileType = sourcecode.c.objc; path = NotificationView.m; sourceTree = "<group>"; };
		DD1BFBD7180AD6020001C200 /* NotificationCell.h */ = {isa = PBXFileReference; fileEncoding = 4; lastKnownFileType = sourcecode.c.h; path = NotificationCell.h; sourceTree = "<group>"; };
		DD1BFBD8180AD6020001C200 /* NotificationCell.m */ = {isa = PBXFileReference; fileEncoding = 4; lastKnownFileType = sourcecode.c.objc; path = NotificationCell.m; sourceTree = "<group>"; };
		DD247F7718126A8500D9E6D4 /* AppDelegate.h */ = {isa = PBXFileReference; fileEncoding = 4; lastKnownFileType = sourcecode.c.h; path = AppDelegate.h; sourceTree = "<group>"; };
		DD247F7818126A8500D9E6D4 /* AppDelegate.m */ = {isa = PBXFileReference; fileEncoding = 4; lastKnownFileType = sourcecode.c.objc; path = AppDelegate.m; sourceTree = "<group>"; };
		DD247F7A18126A8500D9E6D4 /* en */ = {isa = PBXFileReference; lastKnownFileType = text.plist.strings; name = en; path = en.lproj/InfoPlist.strings; sourceTree = "<group>"; };
		DD247F7B18126A8500D9E6D4 /* main.m */ = {isa = PBXFileReference; fileEncoding = 4; lastKnownFileType = sourcecode.c.objc; path = main.m; sourceTree = "<group>"; };
		DD247F7C18126A8500D9E6D4 /* Twatch-Info.plist */ = {isa = PBXFileReference; fileEncoding = 4; lastKnownFileType = text.plist.xml; path = "Twatch-Info.plist"; sourceTree = "<group>"; };
		DD247F7D18126A8500D9E6D4 /* Twatch-Prefix.pch */ = {isa = PBXFileReference; fileEncoding = 4; lastKnownFileType = sourcecode.c.h; path = "Twatch-Prefix.pch"; sourceTree = "<group>"; };
		DD247F7E18126A8500D9E6D4 /* WatchConstant.h */ = {isa = PBXFileReference; fileEncoding = 4; lastKnownFileType = sourcecode.c.h; path = WatchConstant.h; sourceTree = "<group>"; };
		DD247F8318126A9C00D9E6D4 /* Images.xcassets */ = {isa = PBXFileReference; lastKnownFileType = folder.assetcatalog; name = Images.xcassets; path = Resources/Images.xcassets; sourceTree = "<group>"; };
		DD56A6A6181EB3AF0088AB49 /* DouBanConnection.framework */ = {isa = PBXFileReference; lastKnownFileType = wrapper.framework; path = DouBanConnection.framework; sourceTree = "<group>"; };
		DD56A6A7181EB3AF0088AB49 /* QQConnection.framework */ = {isa = PBXFileReference; lastKnownFileType = wrapper.framework; path = QQConnection.framework; sourceTree = "<group>"; };
		DD56A6A8181EB3AF0088AB49 /* QZoneConnection.framework */ = {isa = PBXFileReference; lastKnownFileType = wrapper.framework; path = QZoneConnection.framework; sourceTree = "<group>"; };
		DD56A6A9181EB3AF0088AB49 /* RenRenConnection.framework */ = {isa = PBXFileReference; lastKnownFileType = wrapper.framework; path = RenRenConnection.framework; sourceTree = "<group>"; };
		DD56A6AA181EB3AF0088AB49 /* SinaWeiboConnection.framework */ = {isa = PBXFileReference; lastKnownFileType = wrapper.framework; path = SinaWeiboConnection.framework; sourceTree = "<group>"; };
		DD56A6AB181EB3AF0088AB49 /* SMSConnection.framework */ = {isa = PBXFileReference; lastKnownFileType = wrapper.framework; path = SMSConnection.framework; sourceTree = "<group>"; };
		DD56A6AC181EB3AF0088AB49 /* TencentWeiboConnection.framework */ = {isa = PBXFileReference; lastKnownFileType = wrapper.framework; path = TencentWeiboConnection.framework; sourceTree = "<group>"; };
		DD56A6AD181EB3AF0088AB49 /* WeChatConnection.framework */ = {isa = PBXFileReference; lastKnownFileType = wrapper.framework; path = WeChatConnection.framework; sourceTree = "<group>"; };
		DD56A6AF181EB3AF0088AB49 /* AGCommon.framework */ = {isa = PBXFileReference; lastKnownFileType = wrapper.framework; path = AGCommon.framework; sourceTree = "<group>"; };
		DD56A6B1181EB3AF0088AB49 /* en */ = {isa = PBXFileReference; lastKnownFileType = text.plist.strings; name = en; path = en.lproj/ShareSDKLocalizable.strings; sourceTree = "<group>"; };
		DD56A6B2181EB3AF0088AB49 /* Resource.bundle */ = {isa = PBXFileReference; lastKnownFileType = "wrapper.plug-in"; path = Resource.bundle; sourceTree = "<group>"; };
		DD56A6B3181EB3AF0088AB49 /* ShareSDKCoreService.framework */ = {isa = PBXFileReference; lastKnownFileType = wrapper.framework; path = ShareSDKCoreService.framework; sourceTree = "<group>"; };
		DD56A6B4181EB3AF0088AB49 /* zh-Hans */ = {isa = PBXFileReference; lastKnownFileType = text.plist.strings; name = "zh-Hans"; path = "zh-Hans.lproj/ShareSDKLocalizable.strings"; sourceTree = "<group>"; };
		DD56A6B7181EB3AF0088AB49 /* libSinaWeiboSDK.a */ = {isa = PBXFileReference; lastKnownFileType = archive.ar; path = libSinaWeiboSDK.a; sourceTree = "<group>"; };
		DD56A6B8181EB3AF0088AB49 /* WeiboSDK.bundle */ = {isa = PBXFileReference; lastKnownFileType = "wrapper.plug-in"; path = WeiboSDK.bundle; sourceTree = "<group>"; };
		DD56A6B9181EB3AF0088AB49 /* WeiboSDK.h */ = {isa = PBXFileReference; fileEncoding = 4; lastKnownFileType = sourcecode.c.h; path = WeiboSDK.h; sourceTree = "<group>"; };
		DD56A6BB181EB3AF0088AB49 /* RennSDK.bundle */ = {isa = PBXFileReference; lastKnownFileType = "wrapper.plug-in"; path = RennSDK.bundle; sourceTree = "<group>"; };
		DD56A6BC181EB3AF0088AB49 /* RennSDK.framework */ = {isa = PBXFileReference; lastKnownFileType = wrapper.framework; path = RennSDK.framework; sourceTree = "<group>"; };
		DD56A6BE181EB3AF0088AB49 /* libWeChatSDK.a */ = {isa = PBXFileReference; lastKnownFileType = archive.ar; path = libWeChatSDK.a; sourceTree = "<group>"; };
		DD56A6BF181EB3AF0088AB49 /* WXApi.h */ = {isa = PBXFileReference; fileEncoding = 4; lastKnownFileType = sourcecode.c.h; path = WXApi.h; sourceTree = "<group>"; };
		DD56A6C0181EB3AF0088AB49 /* WXApiObject.h */ = {isa = PBXFileReference; fileEncoding = 4; lastKnownFileType = sourcecode.c.h; path = WXApiObject.h; sourceTree = "<group>"; };
		DD56A6C1181EB3AF0088AB49 /* TencentOpenAPI.framework */ = {isa = PBXFileReference; lastKnownFileType = wrapper.framework; path = TencentOpenAPI.framework; sourceTree = "<group>"; };
		DD56A6C2181EB3AF0088AB49 /* TencentOpenApi_IOS_Bundle.bundle */ = {isa = PBXFileReference; lastKnownFileType = "wrapper.plug-in"; path = TencentOpenApi_IOS_Bundle.bundle; sourceTree = "<group>"; };
		DD56A6C4181EB3AF0088AB49 /* libWeiboSDK.a */ = {isa = PBXFileReference; lastKnownFileType = archive.ar; path = libWeiboSDK.a; sourceTree = "<group>"; };
		DD56A6C5181EB3AF0088AB49 /* WBApi.h */ = {isa = PBXFileReference; fileEncoding = 4; lastKnownFileType = sourcecode.c.h; path = WBApi.h; sourceTree = "<group>"; };
		DD56A6C6181EB3AF0088AB49 /* WBApiObject.h */ = {isa = PBXFileReference; fileEncoding = 4; lastKnownFileType = sourcecode.c.h; path = WBApiObject.h; sourceTree = "<group>"; };
		DD56A6C7181EB3AF0088AB49 /* ShareSDK.framework */ = {isa = PBXFileReference; lastKnownFileType = wrapper.framework; path = ShareSDK.framework; sourceTree = "<group>"; };
		DD56A6C9181EB3AF0088AB49 /* ShareSDKiPhoneAppRecommendShareViewUI.framework */ = {isa = PBXFileReference; lastKnownFileType = wrapper.framework; path = ShareSDKiPhoneAppRecommendShareViewUI.framework; sourceTree = "<group>"; };
		DD56A6CA181EB3AF0088AB49 /* ShareSDKiPhoneDefaultShareViewUI.bundle */ = {isa = PBXFileReference; lastKnownFileType = "wrapper.plug-in"; path = ShareSDKiPhoneDefaultShareViewUI.bundle; sourceTree = "<group>"; };
		DD56A6CB181EB3AF0088AB49 /* ShareSDKiPhoneDefaultShareViewUI.framework */ = {isa = PBXFileReference; lastKnownFileType = wrapper.framework; path = ShareSDKiPhoneDefaultShareViewUI.framework; sourceTree = "<group>"; };
		DD56A6CC181EB3AF0088AB49 /* ShareSDKiPhoneSimpleShareViewUI.bundle */ = {isa = PBXFileReference; lastKnownFileType = "wrapper.plug-in"; path = ShareSDKiPhoneSimpleShareViewUI.bundle; sourceTree = "<group>"; };
		DD56A6CD181EB3AF0088AB49 /* ShareSDKiPhoneSimpleShareViewUI.framework */ = {isa = PBXFileReference; lastKnownFileType = wrapper.framework; path = ShareSDKiPhoneSimpleShareViewUI.framework; sourceTree = "<group>"; };
		DD56A6E8181EB4920088AB49 /* SystemConfiguration.framework */ = {isa = PBXFileReference; lastKnownFileType = wrapper.framework; name = SystemConfiguration.framework; path = System/Library/Frameworks/SystemConfiguration.framework; sourceTree = SDKROOT; };
		DD56A6EA181EB4B20088AB49 /* libicucore.dylib */ = {isa = PBXFileReference; lastKnownFileType = "compiled.mach-o.dylib"; name = libicucore.dylib; path = usr/lib/libicucore.dylib; sourceTree = SDKROOT; };
		DD56A6EC181EB4BD0088AB49 /* libz.1.2.5.dylib */ = {isa = PBXFileReference; lastKnownFileType = "compiled.mach-o.dylib"; name = libz.1.2.5.dylib; path = usr/lib/libz.1.2.5.dylib; sourceTree = SDKROOT; };
		DD56A6EE181EB4D20088AB49 /* libstdc++.dylib */ = {isa = PBXFileReference; lastKnownFileType = "compiled.mach-o.dylib"; name = "libstdc++.dylib"; path = "usr/lib/libstdc++.dylib"; sourceTree = SDKROOT; };
		DD56A6F0181EB4DE0088AB49 /* libsqlite3.dylib */ = {isa = PBXFileReference; lastKnownFileType = "compiled.mach-o.dylib"; name = libsqlite3.dylib; path = usr/lib/libsqlite3.dylib; sourceTree = SDKROOT; };
		DD56A6F2181EB4E90088AB49 /* CoreTelephony.framework */ = {isa = PBXFileReference; lastKnownFileType = wrapper.framework; name = CoreTelephony.framework; path = System/Library/Frameworks/CoreTelephony.framework; sourceTree = SDKROOT; };
		DD56A6F4181EB5420088AB49 /* MessageUI.framework */ = {isa = PBXFileReference; lastKnownFileType = wrapper.framework; name = MessageUI.framework; path = System/Library/Frameworks/MessageUI.framework; sourceTree = SDKROOT; };
		DD56A6F7181FE6FC0088AB49 /* SettingView.h */ = {isa = PBXFileReference; fileEncoding = 4; lastKnownFileType = sourcecode.c.h; path = SettingView.h; sourceTree = "<group>"; };
		DD56A6F8181FE6FC0088AB49 /* SettingView.m */ = {isa = PBXFileReference; fileEncoding = 4; lastKnownFileType = sourcecode.c.objc; path = SettingView.m; sourceTree = "<group>"; };
		DD56A700181FFC150088AB49 /* SettingCell.h */ = {isa = PBXFileReference; fileEncoding = 4; lastKnownFileType = sourcecode.c.h; path = SettingCell.h; sourceTree = "<group>"; };
		DD56A701181FFC150088AB49 /* SettingCell.m */ = {isa = PBXFileReference; fileEncoding = 4; lastKnownFileType = sourcecode.c.objc; path = SettingCell.m; sourceTree = "<group>"; };
		DD56A7051821434A0088AB49 /* RootViewController+BottomNavigationbar.h */ = {isa = PBXFileReference; fileEncoding = 4; lastKnownFileType = sourcecode.c.h; path = "RootViewController+BottomNavigationbar.h"; sourceTree = "<group>"; };
		DD56A7061821434A0088AB49 /* RootViewController+BottomNavigationbar.m */ = {isa = PBXFileReference; fileEncoding = 4; lastKnownFileType = sourcecode.c.objc; path = "RootViewController+BottomNavigationbar.m"; sourceTree = "<group>"; };
		DD56A7091821434A0088AB49 /* RootViewController+SettingView.h */ = {isa = PBXFileReference; fileEncoding = 4; lastKnownFileType = sourcecode.c.h; path = "RootViewController+SettingView.h"; sourceTree = "<group>"; };
		DD56A70A1821434A0088AB49 /* RootViewController+SettingView.m */ = {isa = PBXFileReference; fileEncoding = 4; lastKnownFileType = sourcecode.c.objc; path = "RootViewController+SettingView.m"; sourceTree = "<group>"; };
		DD56A70B1821434A0088AB49 /* RootViewController.h */ = {isa = PBXFileReference; fileEncoding = 4; lastKnownFileType = sourcecode.c.h; path = RootViewController.h; sourceTree = "<group>"; };
		DD56A70C1821434A0088AB49 /* RootViewController.m */ = {isa = PBXFileReference; fileEncoding = 4; lastKnownFileType = sourcecode.c.objc; path = RootViewController.m; sourceTree = "<group>"; };
		DD56A712182143920088AB49 /* MovieViewController.h */ = {isa = PBXFileReference; fileEncoding = 4; lastKnownFileType = sourcecode.c.h; path = MovieViewController.h; sourceTree = "<group>"; };
		DD56A713182143920088AB49 /* MovieViewController.m */ = {isa = PBXFileReference; fileEncoding = 4; lastKnownFileType = sourcecode.c.objc; path = MovieViewController.m; sourceTree = "<group>"; };
		DD56A715182143920088AB49 /* SignViewController.h */ = {isa = PBXFileReference; fileEncoding = 4; lastKnownFileType = sourcecode.c.h; path = SignViewController.h; sourceTree = "<group>"; };
		DD56A716182143920088AB49 /* SignViewController.m */ = {isa = PBXFileReference; fileEncoding = 4; lastKnownFileType = sourcecode.c.objc; path = SignViewController.m; sourceTree = "<group>"; };
		DD56A71C1821441A0088AB49 /* _360ViewController.h */ = {isa = PBXFileReference; fileEncoding = 4; lastKnownFileType = sourcecode.c.h; path = _360ViewController.h; sourceTree = "<group>"; };
		DD56A71D1821441A0088AB49 /* _360ViewController.m */ = {isa = PBXFileReference; fileEncoding = 4; lastKnownFileType = sourcecode.c.objc; path = _360ViewController.m; sourceTree = "<group>"; };
		DD56A71E1821441A0088AB49 /* _360ViewController.xib */ = {isa = PBXFileReference; fileEncoding = 4; lastKnownFileType = file.xib; path = _360ViewController.xib; sourceTree = "<group>"; };
		DD56A721182144490088AB49 /* TryViewController.h */ = {isa = PBXFileReference; fileEncoding = 4; lastKnownFileType = sourcecode.c.h; path = TryViewController.h; sourceTree = "<group>"; };
		DD56A722182144490088AB49 /* TryViewController.m */ = {isa = PBXFileReference; fileEncoding = 4; lastKnownFileType = sourcecode.c.objc; path = TryViewController.m; sourceTree = "<group>"; };
		DD56A7261821448E0088AB49 /* TMNavigationController.h */ = {isa = PBXFileReference; fileEncoding = 4; lastKnownFileType = sourcecode.c.h; path = TMNavigationController.h; sourceTree = "<group>"; };
		DD56A7271821448E0088AB49 /* TMNavigationController.m */ = {isa = PBXFileReference; fileEncoding = 4; lastKnownFileType = sourcecode.c.objc; path = TMNavigationController.m; sourceTree = "<group>"; };
		DD56A729182146010088AB49 /* ShopViewController.h */ = {isa = PBXFileReference; fileEncoding = 4; lastKnownFileType = sourcecode.c.h; path = ShopViewController.h; sourceTree = "<group>"; };
		DD56A72A182146010088AB49 /* ShopViewController.m */ = {isa = PBXFileReference; fileEncoding = 4; lastKnownFileType = sourcecode.c.objc; path = ShopViewController.m; sourceTree = "<group>"; };
		DD56A72B182146010088AB49 /* ShopViewController+NaivBar.h */ = {isa = PBXFileReference; fileEncoding = 4; lastKnownFileType = sourcecode.c.h; path = "ShopViewController+NaivBar.h"; sourceTree = "<group>"; };
		DD56A72C182146010088AB49 /* ShopViewController+NaivBar.m */ = {isa = PBXFileReference; fileEncoding = 4; lastKnownFileType = sourcecode.c.objc; path = "ShopViewController+NaivBar.m"; sourceTree = "<group>"; };
		DD56A72F182146800088AB49 /* NaviCommonViewController.h */ = {isa = PBXFileReference; fileEncoding = 4; lastKnownFileType = sourcecode.c.h; path = NaviCommonViewController.h; sourceTree = "<group>"; };
		DD56A730182146800088AB49 /* NaviCommonViewController.m */ = {isa = PBXFileReference; fileEncoding = 4; lastKnownFileType = sourcecode.c.objc; path = NaviCommonViewController.m; sourceTree = "<group>"; };
		DD56A73C18214BE30088AB49 /* MoreSettingViewController.h */ = {isa = PBXFileReference; fileEncoding = 4; lastKnownFileType = sourcecode.c.h; path = MoreSettingViewController.h; sourceTree = "<group>"; };
		DD56A73D18214BE30088AB49 /* MoreSettingViewController.m */ = {isa = PBXFileReference; fileEncoding = 4; lastKnownFileType = sourcecode.c.objc; path = MoreSettingViewController.m; sourceTree = "<group>"; };
		DD56A73E18214BE30088AB49 /* MoreSettingViewController.xib */ = {isa = PBXFileReference; fileEncoding = 4; lastKnownFileType = file.xib; path = MoreSettingViewController.xib; sourceTree = "<group>"; };
		DD56A741182287400088AB49 /* FVImageSequence.h */ = {isa = PBXFileReference; fileEncoding = 4; lastKnownFileType = sourcecode.c.h; path = FVImageSequence.h; sourceTree = "<group>"; };
		DD56A742182287400088AB49 /* FVImageSequence.m */ = {isa = PBXFileReference; fileEncoding = 4; lastKnownFileType = sourcecode.c.objc; path = FVImageSequence.m; sourceTree = "<group>"; };
		DD56A745182287C10088AB49 /* Seq_v04_640x378_0.jpg */ = {isa = PBXFileReference; lastKnownFileType = image.jpeg; path = Seq_v04_640x378_0.jpg; sourceTree = "<group>"; };
		DD56A746182287C10088AB49 /* Seq_v04_640x378_1.jpg */ = {isa = PBXFileReference; lastKnownFileType = image.jpeg; path = Seq_v04_640x378_1.jpg; sourceTree = "<group>"; };
		DD56A747182287C10088AB49 /* Seq_v04_640x378_10.jpg */ = {isa = PBXFileReference; lastKnownFileType = image.jpeg; path = Seq_v04_640x378_10.jpg; sourceTree = "<group>"; };
		DD56A748182287C10088AB49 /* Seq_v04_640x378_11.jpg */ = {isa = PBXFileReference; lastKnownFileType = image.jpeg; path = Seq_v04_640x378_11.jpg; sourceTree = "<group>"; };
		DD56A749182287C10088AB49 /* Seq_v04_640x378_12.jpg */ = {isa = PBXFileReference; lastKnownFileType = image.jpeg; path = Seq_v04_640x378_12.jpg; sourceTree = "<group>"; };
		DD56A74A182287C10088AB49 /* Seq_v04_640x378_13.jpg */ = {isa = PBXFileReference; lastKnownFileType = image.jpeg; path = Seq_v04_640x378_13.jpg; sourceTree = "<group>"; };
		DD56A74B182287C10088AB49 /* Seq_v04_640x378_14.jpg */ = {isa = PBXFileReference; lastKnownFileType = image.jpeg; path = Seq_v04_640x378_14.jpg; sourceTree = "<group>"; };
		DD56A74C182287C10088AB49 /* Seq_v04_640x378_15.jpg */ = {isa = PBXFileReference; lastKnownFileType = image.jpeg; path = Seq_v04_640x378_15.jpg; sourceTree = "<group>"; };
		DD56A74D182287C10088AB49 /* Seq_v04_640x378_16.jpg */ = {isa = PBXFileReference; lastKnownFileType = image.jpeg; path = Seq_v04_640x378_16.jpg; sourceTree = "<group>"; };
		DD56A74E182287C10088AB49 /* Seq_v04_640x378_17.jpg */ = {isa = PBXFileReference; lastKnownFileType = image.jpeg; path = Seq_v04_640x378_17.jpg; sourceTree = "<group>"; };
		DD56A74F182287C10088AB49 /* Seq_v04_640x378_18.jpg */ = {isa = PBXFileReference; lastKnownFileType = image.jpeg; path = Seq_v04_640x378_18.jpg; sourceTree = "<group>"; };
		DD56A750182287C10088AB49 /* Seq_v04_640x378_19.jpg */ = {isa = PBXFileReference; lastKnownFileType = image.jpeg; path = Seq_v04_640x378_19.jpg; sourceTree = "<group>"; };
		DD56A751182287C10088AB49 /* Seq_v04_640x378_2.jpg */ = {isa = PBXFileReference; lastKnownFileType = image.jpeg; path = Seq_v04_640x378_2.jpg; sourceTree = "<group>"; };
		DD56A752182287C10088AB49 /* Seq_v04_640x378_20.jpg */ = {isa = PBXFileReference; lastKnownFileType = image.jpeg; path = Seq_v04_640x378_20.jpg; sourceTree = "<group>"; };
		DD56A753182287C10088AB49 /* Seq_v04_640x378_21.jpg */ = {isa = PBXFileReference; lastKnownFileType = image.jpeg; path = Seq_v04_640x378_21.jpg; sourceTree = "<group>"; };
		DD56A754182287C10088AB49 /* Seq_v04_640x378_22.jpg */ = {isa = PBXFileReference; lastKnownFileType = image.jpeg; path = Seq_v04_640x378_22.jpg; sourceTree = "<group>"; };
		DD56A755182287C10088AB49 /* Seq_v04_640x378_23.jpg */ = {isa = PBXFileReference; lastKnownFileType = image.jpeg; path = Seq_v04_640x378_23.jpg; sourceTree = "<group>"; };
		DD56A756182287C10088AB49 /* Seq_v04_640x378_24.jpg */ = {isa = PBXFileReference; lastKnownFileType = image.jpeg; path = Seq_v04_640x378_24.jpg; sourceTree = "<group>"; };
		DD56A757182287C10088AB49 /* Seq_v04_640x378_25.jpg */ = {isa = PBXFileReference; lastKnownFileType = image.jpeg; path = Seq_v04_640x378_25.jpg; sourceTree = "<group>"; };
		DD56A758182287C10088AB49 /* Seq_v04_640x378_26.jpg */ = {isa = PBXFileReference; lastKnownFileType = image.jpeg; path = Seq_v04_640x378_26.jpg; sourceTree = "<group>"; };
		DD56A759182287C10088AB49 /* Seq_v04_640x378_27.jpg */ = {isa = PBXFileReference; lastKnownFileType = image.jpeg; path = Seq_v04_640x378_27.jpg; sourceTree = "<group>"; };
		DD56A75A182287C10088AB49 /* Seq_v04_640x378_28.jpg */ = {isa = PBXFileReference; lastKnownFileType = image.jpeg; path = Seq_v04_640x378_28.jpg; sourceTree = "<group>"; };
		DD56A75B182287C10088AB49 /* Seq_v04_640x378_29.jpg */ = {isa = PBXFileReference; lastKnownFileType = image.jpeg; path = Seq_v04_640x378_29.jpg; sourceTree = "<group>"; };
		DD56A75C182287C10088AB49 /* Seq_v04_640x378_3.jpg */ = {isa = PBXFileReference; lastKnownFileType = image.jpeg; path = Seq_v04_640x378_3.jpg; sourceTree = "<group>"; };
		DD56A75D182287C10088AB49 /* Seq_v04_640x378_30.jpg */ = {isa = PBXFileReference; lastKnownFileType = image.jpeg; path = Seq_v04_640x378_30.jpg; sourceTree = "<group>"; };
		DD56A75E182287C10088AB49 /* Seq_v04_640x378_31.jpg */ = {isa = PBXFileReference; lastKnownFileType = image.jpeg; path = Seq_v04_640x378_31.jpg; sourceTree = "<group>"; };
		DD56A75F182287C10088AB49 /* Seq_v04_640x378_32.jpg */ = {isa = PBXFileReference; lastKnownFileType = image.jpeg; path = Seq_v04_640x378_32.jpg; sourceTree = "<group>"; };
		DD56A760182287C10088AB49 /* Seq_v04_640x378_33.jpg */ = {isa = PBXFileReference; lastKnownFileType = image.jpeg; path = Seq_v04_640x378_33.jpg; sourceTree = "<group>"; };
		DD56A761182287C10088AB49 /* Seq_v04_640x378_34.jpg */ = {isa = PBXFileReference; lastKnownFileType = image.jpeg; path = Seq_v04_640x378_34.jpg; sourceTree = "<group>"; };
		DD56A762182287C10088AB49 /* Seq_v04_640x378_35.jpg */ = {isa = PBXFileReference; lastKnownFileType = image.jpeg; path = Seq_v04_640x378_35.jpg; sourceTree = "<group>"; };
		DD56A763182287C10088AB49 /* Seq_v04_640x378_4.jpg */ = {isa = PBXFileReference; lastKnownFileType = image.jpeg; path = Seq_v04_640x378_4.jpg; sourceTree = "<group>"; };
		DD56A764182287C10088AB49 /* Seq_v04_640x378_5.jpg */ = {isa = PBXFileReference; lastKnownFileType = image.jpeg; path = Seq_v04_640x378_5.jpg; sourceTree = "<group>"; };
		DD56A765182287C10088AB49 /* Seq_v04_640x378_6.jpg */ = {isa = PBXFileReference; lastKnownFileType = image.jpeg; path = Seq_v04_640x378_6.jpg; sourceTree = "<group>"; };
		DD56A766182287C10088AB49 /* Seq_v04_640x378_7.jpg */ = {isa = PBXFileReference; lastKnownFileType = image.jpeg; path = Seq_v04_640x378_7.jpg; sourceTree = "<group>"; };
		DD56A767182287C10088AB49 /* Seq_v04_640x378_8.jpg */ = {isa = PBXFileReference; lastKnownFileType = image.jpeg; path = Seq_v04_640x378_8.jpg; sourceTree = "<group>"; };
		DD56A768182287C10088AB49 /* Seq_v04_640x378_9.jpg */ = {isa = PBXFileReference; lastKnownFileType = image.jpeg; path = Seq_v04_640x378_9.jpg; sourceTree = "<group>"; };
		DD56A79018229ADE0088AB49 /* AGAuthViewController.m */ = {isa = PBXFileReference; fileEncoding = 4; lastKnownFileType = sourcecode.c.objc; path = AGAuthViewController.m; sourceTree = "<group>"; };
		DD56A79118229ADE0088AB49 /* AGAuthViewController.h */ = {isa = PBXFileReference; fileEncoding = 4; lastKnownFileType = sourcecode.c.h; path = AGAuthViewController.h; sourceTree = "<group>"; };
		DD56A79218229ADE0088AB49 /* AGShareCell.h */ = {isa = PBXFileReference; fileEncoding = 4; lastKnownFileType = sourcecode.c.h; path = AGShareCell.h; sourceTree = "<group>"; };
		DD56A79318229ADE0088AB49 /* AGShareCell.m */ = {isa = PBXFileReference; fileEncoding = 4; lastKnownFileType = sourcecode.c.objc; path = AGShareCell.m; sourceTree = "<group>"; };
		DD56A79618229CC00088AB49 /* AGViewDelegate.m */ = {isa = PBXFileReference; fileEncoding = 4; lastKnownFileType = sourcecode.c.objc; path = AGViewDelegate.m; sourceTree = "<group>"; };
		DD56A79718229CC00088AB49 /* AGViewDelegate.h */ = {isa = PBXFileReference; fileEncoding = 4; lastKnownFileType = sourcecode.c.h; path = AGViewDelegate.h; sourceTree = "<group>"; };
		DDEC67DF1807010200F3DD7A /* WatchView.h */ = {isa = PBXFileReference; fileEncoding = 4; lastKnownFileType = sourcecode.c.h; path = WatchView.h; sourceTree = "<group>"; };
		DDEC67E01807010200F3DD7A /* WatchView.m */ = {isa = PBXFileReference; fileEncoding = 4; lastKnownFileType = sourcecode.c.objc; path = WatchView.m; sourceTree = "<group>"; };
/* End PBXFileReference section */

/* Begin PBXFrameworksBuildPhase section */
		427BEF3C1806A71F004AFB8C /* Frameworks */ = {
			isa = PBXFrameworksBuildPhase;
			buildActionMask = 2147483647;
			files = (
				DD56A6F5181EB5420088AB49 /* MessageUI.framework in Frameworks */,
				DD56A6F3181EB4E90088AB49 /* CoreTelephony.framework in Frameworks */,
				DD56A6F1181EB4DE0088AB49 /* libsqlite3.dylib in Frameworks */,
				DD56A6EF181EB4D20088AB49 /* libstdc++.dylib in Frameworks */,
				DD56A6ED181EB4BD0088AB49 /* libz.1.2.5.dylib in Frameworks */,
				DD56A6EB181EB4B20088AB49 /* libicucore.dylib in Frameworks */,
				0A16E8BE18114D6600DAFAE5 /* QuartzCore.framework in Frameworks */,
				DD56A6E9181EB4920088AB49 /* SystemConfiguration.framework in Frameworks */,
				0A46EA91180D7C0B00E7A6C1 /* GameKit.framework in Frameworks */,
				42B5C9231808F85900D2FB27 /* MediaPlayer.framework in Frameworks */,
				DD56A6D4181EB3B00088AB49 /* TencentWeiboConnection.framework in Frameworks */,
				DD56A6DA181EB3B00088AB49 /* libSinaWeiboSDK.a in Frameworks */,
				DD56A6E2181EB3B00088AB49 /* ShareSDK.framework in Frameworks */,
				DD56A6DF181EB3B00088AB49 /* TencentOpenAPI.framework in Frameworks */,
				DD56A6E7181EB3B00088AB49 /* ShareSDKiPhoneSimpleShareViewUI.framework in Frameworks */,
				427BEF451806A71F004AFB8C /* CoreGraphics.framework in Frameworks */,
				DD56A6CF181EB3AF0088AB49 /* QQConnection.framework in Frameworks */,
				DD56A6D6181EB3B00088AB49 /* AGCommon.framework in Frameworks */,
				DD56A6D2181EB3AF0088AB49 /* SinaWeiboConnection.framework in Frameworks */,
				DD56A6E1181EB3B00088AB49 /* libWeiboSDK.a in Frameworks */,
				DD56A6D9181EB3B00088AB49 /* ShareSDKCoreService.framework in Frameworks */,
				DD56A6D3181EB3B00088AB49 /* SMSConnection.framework in Frameworks */,
				DD56A6E3181EB3B00088AB49 /* ShareSDKiPhoneAppRecommendShareViewUI.framework in Frameworks */,
				DD56A6E5181EB3B00088AB49 /* ShareSDKiPhoneDefaultShareViewUI.framework in Frameworks */,
				DD56A6CE181EB3AF0088AB49 /* DouBanConnection.framework in Frameworks */,
				DD56A6DE181EB3B00088AB49 /* libWeChatSDK.a in Frameworks */,
				DD56A6DD181EB3B00088AB49 /* RennSDK.framework in Frameworks */,
				DD56A6D1181EB3AF0088AB49 /* RenRenConnection.framework in Frameworks */,
				DD56A6D5181EB3B00088AB49 /* WeChatConnection.framework in Frameworks */,
				427BEF471806A71F004AFB8C /* UIKit.framework in Frameworks */,
				427BEF431806A71F004AFB8C /* Foundation.framework in Frameworks */,
				DD56A6D0181EB3AF0088AB49 /* QZoneConnection.framework in Frameworks */,
			);
			runOnlyForDeploymentPostprocessing = 0;
		};
/* End PBXFrameworksBuildPhase section */

/* Begin PBXGroup section */
		0A16E8B918114BB900DAFAE5 /* WatchTypeView */ = {
			isa = PBXGroup;
			children = (
				0A16E8BA18114C6200DAFAE5 /* ClockView.h */,
				0A16E8BB18114C6200DAFAE5 /* ClockView.m */,
			);
			name = WatchTypeView;
			sourceTree = "<group>";
		};
		427BEF361806A71F004AFB8C = {
			isa = PBXGroup;
			children = (
				427BEF481806A71F004AFB8C /* Twatch */,
				DD247F7618126A8500D9E6D4 /* Supporting Files */,
				427BEF411806A71F004AFB8C /* Frameworks */,
				427BEF401806A71F004AFB8C /* Products */,
			);
			sourceTree = "<group>";
		};
		427BEF401806A71F004AFB8C /* Products */ = {
			isa = PBXGroup;
			children = (
				427BEF3F1806A71F004AFB8C /* Twatch.app */,
			);
			name = Products;
			sourceTree = "<group>";
		};
		427BEF411806A71F004AFB8C /* Frameworks */ = {
			isa = PBXGroup;
			children = (
				DD56A6F4181EB5420088AB49 /* MessageUI.framework */,
				DD56A6F2181EB4E90088AB49 /* CoreTelephony.framework */,
				DD56A6F0181EB4DE0088AB49 /* libsqlite3.dylib */,
				DD56A6EE181EB4D20088AB49 /* libstdc++.dylib */,
				DD56A6EC181EB4BD0088AB49 /* libz.1.2.5.dylib */,
				DD56A6EA181EB4B20088AB49 /* libicucore.dylib */,
				DD56A6E8181EB4920088AB49 /* SystemConfiguration.framework */,
				0A16E8BD18114D6600DAFAE5 /* QuartzCore.framework */,
				0A46EA90180D7C0B00E7A6C1 /* GameKit.framework */,
				42B5C9221808F85900D2FB27 /* MediaPlayer.framework */,
				42B5C91E1808EE7E00D2FB27 /* AVFoundation.framework */,
				42B5C91F1808EE7E00D2FB27 /* CoreVideo.framework */,
				427BEF421806A71F004AFB8C /* Foundation.framework */,
				427BEF441806A71F004AFB8C /* CoreGraphics.framework */,
				427BEF461806A71F004AFB8C /* UIKit.framework */,
				427BEF5B1806A71F004AFB8C /* XCTest.framework */,
			);
			name = Frameworks;
			sourceTree = "<group>";
		};
		427BEF481806A71F004AFB8C /* Twatch */ = {
			isa = PBXGroup;
			children = (
				DD56A7041821434A0088AB49 /* RootViewController */,
				DD56A711182143920088AB49 /* ViewController */,
				DDEC67D71806F8E600F3DD7A /* Model */,
				DDEC67D81806F8E600F3DD7A /* View */,
				DD1BFB9C180AC0FC0001C200 /* ThirdParty */,
				427BEF771806A88B004AFB8C /* Resources */,
			);
			path = Twatch;
			sourceTree = "<group>";
		};
		427BEF771806A88B004AFB8C /* Resources */ = {
			isa = PBXGroup;
			children = (
				DD56A744182287C10088AB49 /* image */,
				DD247F8318126A9C00D9E6D4 /* Images.xcassets */,
			);
			name = Resources;
			sourceTree = "<group>";
		};
		42C676A418237B7700B8474D /* CameraImageHelper */ = {
			isa = PBXGroup;
			children = (
				42C676A518237B9600B8474D /* CameraImageHelper.h */,
				42C676A618237B9600B8474D /* CameraImageHelper.m */,
			);
			name = CameraImageHelper;
			sourceTree = "<group>";
		};
		DD1BFB9C180AC0FC0001C200 /* ThirdParty */ = {
			isa = PBXGroup;
			children = (
				DD56A741182287400088AB49 /* FVImageSequence.h */,
				DD56A742182287400088AB49 /* FVImageSequence.m */,
				DD56A6A4181EB3AF0088AB49 /* ShareSDK_v2.5.1 */,
				DD1BFB9D180AC0FC0001C200 /* PSTCollectionView */,
				42C676A418237B7700B8474D /* CameraImageHelper */,
			);
			path = ThirdParty;
			sourceTree = "<group>";
		};
		DD1BFB9D180AC0FC0001C200 /* PSTCollectionView */ = {
			isa = PBXGroup;
			children = (
				DD1BFB9E180AC0FC0001C200 /* NSIndexPath+PSTCollectionViewAdditions.h */,
				DD1BFB9F180AC0FC0001C200 /* NSIndexPath+PSTCollectionViewAdditions.m */,
				DD1BFBA0180AC0FC0001C200 /* PSTCollectionView.h */,
				DD1BFBA1180AC0FC0001C200 /* PSTCollectionView.m */,
				DD1BFBA2180AC0FC0001C200 /* PSTCollectionViewCell.h */,
				DD1BFBA3180AC0FC0001C200 /* PSTCollectionViewCell.m */,
				DD1BFBA4180AC0FC0001C200 /* PSTCollectionViewCommon.h */,
				DD1BFBA5180AC0FC0001C200 /* PSTCollectionViewController.h */,
				DD1BFBA6180AC0FC0001C200 /* PSTCollectionViewController.m */,
				DD1BFBA7180AC0FC0001C200 /* PSTCollectionViewData.h */,
				DD1BFBA8180AC0FC0001C200 /* PSTCollectionViewData.m */,
				DD1BFBA9180AC0FC0001C200 /* PSTCollectionViewFlowLayout.h */,
				DD1BFBAA180AC0FC0001C200 /* PSTCollectionViewFlowLayout.m */,
				DD1BFBAB180AC0FC0001C200 /* PSTCollectionViewItemKey.h */,
				DD1BFBAC180AC0FC0001C200 /* PSTCollectionViewItemKey.m */,
				DD1BFBAD180AC0FC0001C200 /* PSTCollectionViewLayout+Internals.h */,
				DD1BFBAE180AC0FC0001C200 /* PSTCollectionViewLayout.h */,
				DD1BFBAF180AC0FC0001C200 /* PSTCollectionViewLayout.m */,
				DD1BFBB0180AC0FC0001C200 /* PSTCollectionViewUpdateItem.h */,
				DD1BFBB1180AC0FC0001C200 /* PSTCollectionViewUpdateItem.m */,
				DD1BFBB2180AC0FC0001C200 /* PSTGridLayoutInfo.h */,
				DD1BFBB3180AC0FC0001C200 /* PSTGridLayoutInfo.m */,
				DD1BFBB4180AC0FC0001C200 /* PSTGridLayoutItem.h */,
				DD1BFBB5180AC0FC0001C200 /* PSTGridLayoutItem.m */,
				DD1BFBB6180AC0FC0001C200 /* PSTGridLayoutRow.h */,
				DD1BFBB7180AC0FC0001C200 /* PSTGridLayoutRow.m */,
				DD1BFBB8180AC0FC0001C200 /* PSTGridLayoutSection.h */,
				DD1BFBB9180AC0FC0001C200 /* PSTGridLayoutSection.m */,
			);
			path = PSTCollectionView;
			sourceTree = "<group>";
		};
		DD1BFBC7180AC1FD0001C200 /* TheViewPulledUp */ = {
			isa = PBXGroup;
			children = (
				DD1BFBC8180AC1FD0001C200 /* SwitchWatchView.h */,
				DD1BFBC9180AC1FD0001C200 /* SwitchWatchView.m */,
				DD1BFBCB180AC24E0001C200 /* WatchVell.h */,
				DD1BFBCC180AC24E0001C200 /* WatchVell.m */,
			);
			path = TheViewPulledUp;
			sourceTree = "<group>";
		};
		DD1BFBD3180AD5D90001C200 /* TheViewPulledDown */ = {
			isa = PBXGroup;
			children = (
				DD1BFBD4180AD5D90001C200 /* NotificationView.h */,
				DD1BFBD5180AD5D90001C200 /* NotificationView.m */,
				DD1BFBD7180AD6020001C200 /* NotificationCell.h */,
				DD1BFBD8180AD6020001C200 /* NotificationCell.m */,
			);
			path = TheViewPulledDown;
			sourceTree = "<group>";
		};
		DD247F7618126A8500D9E6D4 /* Supporting Files */ = {
			isa = PBXGroup;
			children = (
				DD247F7718126A8500D9E6D4 /* AppDelegate.h */,
				DD247F7818126A8500D9E6D4 /* AppDelegate.m */,
				DD247F7918126A8500D9E6D4 /* InfoPlist.strings */,
				DD247F7B18126A8500D9E6D4 /* main.m */,
				DD247F7C18126A8500D9E6D4 /* Twatch-Info.plist */,
				DD247F7D18126A8500D9E6D4 /* Twatch-Prefix.pch */,
				DD247F7E18126A8500D9E6D4 /* WatchConstant.h */,
			);
			name = "Supporting Files";
			path = "Twatch/Supporting Files";
			sourceTree = "<group>";
		};
		DD56A6A4181EB3AF0088AB49 /* ShareSDK_v2.5.1 */ = {
			isa = PBXGroup;
			children = (
				DD56A79618229CC00088AB49 /* AGViewDelegate.m */,
				DD56A79718229CC00088AB49 /* AGViewDelegate.h */,
				DD56A79018229ADE0088AB49 /* AGAuthViewController.m */,
				DD56A79118229ADE0088AB49 /* AGAuthViewController.h */,
				DD56A79218229ADE0088AB49 /* AGShareCell.h */,
				DD56A79318229ADE0088AB49 /* AGShareCell.m */,
				DD56A6A5181EB3AF0088AB49 /* Connection */,
				DD56A6AE181EB3AF0088AB49 /* Core */,
				DD56A6B5181EB3AF0088AB49 /* Extend */,
				DD56A6C7181EB3AF0088AB49 /* ShareSDK.framework */,
				DD56A6C8181EB3AF0088AB49 /* UI */,
			);
			path = ShareSDK_v2.5.1;
			sourceTree = "<group>";
		};
		DD56A6A5181EB3AF0088AB49 /* Connection */ = {
			isa = PBXGroup;
			children = (
				DD56A6A6181EB3AF0088AB49 /* DouBanConnection.framework */,
				DD56A6A7181EB3AF0088AB49 /* QQConnection.framework */,
				DD56A6A8181EB3AF0088AB49 /* QZoneConnection.framework */,
				DD56A6A9181EB3AF0088AB49 /* RenRenConnection.framework */,
				DD56A6AA181EB3AF0088AB49 /* SinaWeiboConnection.framework */,
				DD56A6AB181EB3AF0088AB49 /* SMSConnection.framework */,
				DD56A6AC181EB3AF0088AB49 /* TencentWeiboConnection.framework */,
				DD56A6AD181EB3AF0088AB49 /* WeChatConnection.framework */,
			);
			path = Connection;
			sourceTree = "<group>";
		};
		DD56A6AE181EB3AF0088AB49 /* Core */ = {
			isa = PBXGroup;
			children = (
				DD56A6AF181EB3AF0088AB49 /* AGCommon.framework */,
				DD56A6B0181EB3AF0088AB49 /* ShareSDKLocalizable.strings */,
				DD56A6B2181EB3AF0088AB49 /* Resource.bundle */,
				DD56A6B3181EB3AF0088AB49 /* ShareSDKCoreService.framework */,
			);
			path = Core;
			sourceTree = "<group>";
		};
		DD56A6B5181EB3AF0088AB49 /* Extend */ = {
			isa = PBXGroup;
			children = (
				DD56A6B6181EB3AF0088AB49 /* libWeiboSDK */,
				DD56A6BA181EB3AF0088AB49 /* RenRenSDK */,
				DD56A6BD181EB3AF0088AB49 /* SDKExport */,
				DD56A6C1181EB3AF0088AB49 /* TencentOpenAPI.framework */,
				DD56A6C2181EB3AF0088AB49 /* TencentOpenApi_IOS_Bundle.bundle */,
				DD56A6C3181EB3AF0088AB49 /* TencentWeiboSSO */,
			);
			path = Extend;
			sourceTree = "<group>";
		};
		DD56A6B6181EB3AF0088AB49 /* libWeiboSDK */ = {
			isa = PBXGroup;
			children = (
				DD56A6B7181EB3AF0088AB49 /* libSinaWeiboSDK.a */,
				DD56A6B8181EB3AF0088AB49 /* WeiboSDK.bundle */,
				DD56A6B9181EB3AF0088AB49 /* WeiboSDK.h */,
			);
			path = libWeiboSDK;
			sourceTree = "<group>";
		};
		DD56A6BA181EB3AF0088AB49 /* RenRenSDK */ = {
			isa = PBXGroup;
			children = (
				DD56A6BB181EB3AF0088AB49 /* RennSDK.bundle */,
				DD56A6BC181EB3AF0088AB49 /* RennSDK.framework */,
			);
			path = RenRenSDK;
			sourceTree = "<group>";
		};
		DD56A6BD181EB3AF0088AB49 /* SDKExport */ = {
			isa = PBXGroup;
			children = (
				DD56A6BE181EB3AF0088AB49 /* libWeChatSDK.a */,
				DD56A6BF181EB3AF0088AB49 /* WXApi.h */,
				DD56A6C0181EB3AF0088AB49 /* WXApiObject.h */,
			);
			path = SDKExport;
			sourceTree = "<group>";
		};
		DD56A6C3181EB3AF0088AB49 /* TencentWeiboSSO */ = {
			isa = PBXGroup;
			children = (
				DD56A6C4181EB3AF0088AB49 /* libWeiboSDK.a */,
				DD56A6C5181EB3AF0088AB49 /* WBApi.h */,
				DD56A6C6181EB3AF0088AB49 /* WBApiObject.h */,
			);
			path = TencentWeiboSSO;
			sourceTree = "<group>";
		};
		DD56A6C8181EB3AF0088AB49 /* UI */ = {
			isa = PBXGroup;
			children = (
				DD56A6C9181EB3AF0088AB49 /* ShareSDKiPhoneAppRecommendShareViewUI.framework */,
				DD56A6CA181EB3AF0088AB49 /* ShareSDKiPhoneDefaultShareViewUI.bundle */,
				DD56A6CB181EB3AF0088AB49 /* ShareSDKiPhoneDefaultShareViewUI.framework */,
				DD56A6CC181EB3AF0088AB49 /* ShareSDKiPhoneSimpleShareViewUI.bundle */,
				DD56A6CD181EB3AF0088AB49 /* ShareSDKiPhoneSimpleShareViewUI.framework */,
			);
			path = UI;
			sourceTree = "<group>";
		};
		DD56A6F6181FE6C50088AB49 /* SettingView */ = {
			isa = PBXGroup;
			children = (
				0A51A626182289AE00DE7DD3 /* UIPlaceHolderTextView.h */,
				0A51A627182289AE00DE7DD3 /* UIPlaceHolderTextView.m */,
				DD56A6F7181FE6FC0088AB49 /* SettingView.h */,
				DD56A6F8181FE6FC0088AB49 /* SettingView.m */,
				DD56A700181FFC150088AB49 /* SettingCell.h */,
				DD56A701181FFC150088AB49 /* SettingCell.m */,
			);
			path = SettingView;
			sourceTree = "<group>";
		};
		DD56A7041821434A0088AB49 /* RootViewController */ = {
			isa = PBXGroup;
			children = (
				DD56A7261821448E0088AB49 /* TMNavigationController.h */,
				DD56A7271821448E0088AB49 /* TMNavigationController.m */,
				DD56A7051821434A0088AB49 /* RootViewController+BottomNavigationbar.h */,
				DD56A7061821434A0088AB49 /* RootViewController+BottomNavigationbar.m */,
				DD56A7091821434A0088AB49 /* RootViewController+SettingView.h */,
				DD56A70A1821434A0088AB49 /* RootViewController+SettingView.m */,
				DD56A70B1821434A0088AB49 /* RootViewController.h */,
				DD56A70C1821434A0088AB49 /* RootViewController.m */,
			);
			path = RootViewController;
			sourceTree = "<group>";
		};
		DD56A711182143920088AB49 /* ViewController */ = {
			isa = PBXGroup;
			children = (
				DD56A714182143920088AB49 /* SettingViewController */,
				42C676B218237D7B00B8474D /* TryAdjustViewController.h */,
				42C676B318237D7B00B8474D /* TryAdjustViewController.m */,
				DD56A712182143920088AB49 /* MovieViewController.h */,
				DD56A713182143920088AB49 /* MovieViewController.m */,
				DD56A729182146010088AB49 /* ShopViewController.h */,
				DD56A72A182146010088AB49 /* ShopViewController.m */,
				DD56A72B182146010088AB49 /* ShopViewController+NaivBar.h */,
				DD56A72C182146010088AB49 /* ShopViewController+NaivBar.m */,
			);
			path = ViewController;
			sourceTree = "<group>";
		};
		DD56A714182143920088AB49 /* SettingViewController */ = {
			isa = PBXGroup;
			children = (
				DD56A72F182146800088AB49 /* NaviCommonViewController.h */,
				DD56A730182146800088AB49 /* NaviCommonViewController.m */,
				DD56A71C1821441A0088AB49 /* _360ViewController.h */,
				DD56A71D1821441A0088AB49 /* _360ViewController.m */,
				DD56A71E1821441A0088AB49 /* _360ViewController.xib */,
				DD56A721182144490088AB49 /* TryViewController.h */,
				DD56A722182144490088AB49 /* TryViewController.m */,
				DD56A715182143920088AB49 /* SignViewController.h */,
				DD56A716182143920088AB49 /* SignViewController.m */,
				DD56A73C18214BE30088AB49 /* MoreSettingViewController.h */,
				DD56A73D18214BE30088AB49 /* MoreSettingViewController.m */,
				DD56A73E18214BE30088AB49 /* MoreSettingViewController.xib */,
				0AB8BB62182278C0002255C2 /* AboutViewController.h */,
				0AB8BB63182278C0002255C2 /* AboutViewController.m */,
				0AB8BB64182278C0002255C2 /* AboutViewController.xib */,
				0A51A6211822878000DE7DD3 /* FeedBackViewController.h */,
				0A51A6221822878000DE7DD3 /* FeedBackViewController.m */,
				0A51A6231822878000DE7DD3 /* FeedBackViewController.xib */,
			);
			path = SettingViewController;
			sourceTree = "<group>";
		};
		DD56A744182287C10088AB49 /* image */ = {
			isa = PBXGroup;
			children = (
				DD56A745182287C10088AB49 /* Seq_v04_640x378_0.jpg */,
				DD56A746182287C10088AB49 /* Seq_v04_640x378_1.jpg */,
				DD56A747182287C10088AB49 /* Seq_v04_640x378_10.jpg */,
				DD56A748182287C10088AB49 /* Seq_v04_640x378_11.jpg */,
				DD56A749182287C10088AB49 /* Seq_v04_640x378_12.jpg */,
				DD56A74A182287C10088AB49 /* Seq_v04_640x378_13.jpg */,
				DD56A74B182287C10088AB49 /* Seq_v04_640x378_14.jpg */,
				DD56A74C182287C10088AB49 /* Seq_v04_640x378_15.jpg */,
				DD56A74D182287C10088AB49 /* Seq_v04_640x378_16.jpg */,
				DD56A74E182287C10088AB49 /* Seq_v04_640x378_17.jpg */,
				DD56A74F182287C10088AB49 /* Seq_v04_640x378_18.jpg */,
				DD56A750182287C10088AB49 /* Seq_v04_640x378_19.jpg */,
				DD56A751182287C10088AB49 /* Seq_v04_640x378_2.jpg */,
				DD56A752182287C10088AB49 /* Seq_v04_640x378_20.jpg */,
				DD56A753182287C10088AB49 /* Seq_v04_640x378_21.jpg */,
				DD56A754182287C10088AB49 /* Seq_v04_640x378_22.jpg */,
				DD56A755182287C10088AB49 /* Seq_v04_640x378_23.jpg */,
				DD56A756182287C10088AB49 /* Seq_v04_640x378_24.jpg */,
				DD56A757182287C10088AB49 /* Seq_v04_640x378_25.jpg */,
				DD56A758182287C10088AB49 /* Seq_v04_640x378_26.jpg */,
				DD56A759182287C10088AB49 /* Seq_v04_640x378_27.jpg */,
				DD56A75A182287C10088AB49 /* Seq_v04_640x378_28.jpg */,
				DD56A75B182287C10088AB49 /* Seq_v04_640x378_29.jpg */,
				DD56A75C182287C10088AB49 /* Seq_v04_640x378_3.jpg */,
				DD56A75D182287C10088AB49 /* Seq_v04_640x378_30.jpg */,
				DD56A75E182287C10088AB49 /* Seq_v04_640x378_31.jpg */,
				DD56A75F182287C10088AB49 /* Seq_v04_640x378_32.jpg */,
				DD56A760182287C10088AB49 /* Seq_v04_640x378_33.jpg */,
				DD56A761182287C10088AB49 /* Seq_v04_640x378_34.jpg */,
				DD56A762182287C10088AB49 /* Seq_v04_640x378_35.jpg */,
				DD56A763182287C10088AB49 /* Seq_v04_640x378_4.jpg */,
				DD56A764182287C10088AB49 /* Seq_v04_640x378_5.jpg */,
				DD56A765182287C10088AB49 /* Seq_v04_640x378_6.jpg */,
				DD56A766182287C10088AB49 /* Seq_v04_640x378_7.jpg */,
				DD56A767182287C10088AB49 /* Seq_v04_640x378_8.jpg */,
				DD56A768182287C10088AB49 /* Seq_v04_640x378_9.jpg */,
			);
			name = image;
			path = Resources/image;
			sourceTree = "<group>";
		};
		DDEC67D71806F8E600F3DD7A /* Model */ = {
			isa = PBXGroup;
			children = (
				DD1BFBCE180AC7280001C200 /* FactoryMethods.h */,
				DD1BFBCF180AC7280001C200 /* FactoryMethods.m */,
				42C676B5182393DF00B8474D /* UIImage+Tool.h */,
				42C676B6182393DF00B8474D /* UIImage+Tool.m */,
			);
			path = Model;
			sourceTree = "<group>";
		};
		DDEC67D81806F8E600F3DD7A /* View */ = {
			isa = PBXGroup;
			children = (
				DD56A6F6181FE6C50088AB49 /* SettingView */,
				0A16E8B918114BB900DAFAE5 /* WatchTypeView */,
				DD1BFBD3180AD5D90001C200 /* TheViewPulledDown */,
				DD1BFBC7180AC1FD0001C200 /* TheViewPulledUp */,
				DDEC67DF1807010200F3DD7A /* WatchView.h */,
				DDEC67E01807010200F3DD7A /* WatchView.m */,
				42BBD88018079B330094E39D /* DialView.h */,
				42BBD88118079B330094E39D /* DialView.m */,
				42BBD88318079B550094E39D /* AppsView.h */,
				42BBD88418079B550094E39D /* AppsView.m */,
				42BBD88F1807A4BE0094E39D /* AllAppsView.h */,
				42BBD8901807A4BE0094E39D /* AllAppsView.m */,
				42BBD88618079B7B0094E39D /* CommonAppsView.h */,
				42BBD88718079B7B0094E39D /* CommonAppsView.m */,
			);
			path = View;
			sourceTree = "<group>";
		};
/* End PBXGroup section */

/* Begin PBXNativeTarget section */
		427BEF3E1806A71F004AFB8C /* Twatch */ = {
			isa = PBXNativeTarget;
			buildConfigurationList = 427BEF6B1806A71F004AFB8C /* Build configuration list for PBXNativeTarget "Twatch" */;
			buildPhases = (
				427BEF3B1806A71F004AFB8C /* Sources */,
				427BEF3C1806A71F004AFB8C /* Frameworks */,
				427BEF3D1806A71F004AFB8C /* Resources */,
			);
			buildRules = (
			);
			dependencies = (
			);
			name = Twatch;
			productName = Twatch;
			productReference = 427BEF3F1806A71F004AFB8C /* Twatch.app */;
			productType = "com.apple.product-type.application";
		};
/* End PBXNativeTarget section */

/* Begin PBXProject section */
		427BEF371806A71F004AFB8C /* Project object */ = {
			isa = PBXProject;
			attributes = {
				LastUpgradeCheck = 0500;
				ORGANIZATIONNAME = "龚涛";
			};
			buildConfigurationList = 427BEF3A1806A71F004AFB8C /* Build configuration list for PBXProject "Twatch" */;
			compatibilityVersion = "Xcode 3.2";
			developmentRegion = English;
			hasScannedForEncodings = 0;
			knownRegions = (
				en,
				"zh-Hans",
			);
			mainGroup = 427BEF361806A71F004AFB8C;
			productRefGroup = 427BEF401806A71F004AFB8C /* Products */;
			projectDirPath = "";
			projectRoot = "";
			targets = (
				427BEF3E1806A71F004AFB8C /* Twatch */,
			);
		};
/* End PBXProject section */

/* Begin PBXResourcesBuildPhase section */
		427BEF3D1806A71F004AFB8C /* Resources */ = {
			isa = PBXResourcesBuildPhase;
			buildActionMask = 2147483647;
			files = (
				DD56A77A182287C10088AB49 /* Seq_v04_640x378_24.jpg in Resources */,
				DD56A6E4181EB3B00088AB49 /* ShareSDKiPhoneDefaultShareViewUI.bundle in Resources */,
				DD56A78C182287C10088AB49 /* Seq_v04_640x378_9.jpg in Resources */,
				DD56A6E6181EB3B00088AB49 /* ShareSDKiPhoneSimpleShareViewUI.bundle in Resources */,
				DD56A779182287C10088AB49 /* Seq_v04_640x378_23.jpg in Resources */,
				DD56A784182287C10088AB49 /* Seq_v04_640x378_33.jpg in Resources */,
				DD56A7201821441A0088AB49 /* _360ViewController.xib in Resources */,
				DD56A77B182287C10088AB49 /* Seq_v04_640x378_25.jpg in Resources */,
				DD247F8418126A9C00D9E6D4 /* Images.xcassets in Resources */,
				DD56A76C182287C10088AB49 /* Seq_v04_640x378_11.jpg in Resources */,
				DD56A6DC181EB3B00088AB49 /* RennSDK.bundle in Resources */,
				DD56A775182287C10088AB49 /* Seq_v04_640x378_2.jpg in Resources */,
				DD56A6DB181EB3B00088AB49 /* WeiboSDK.bundle in Resources */,
				DD56A782182287C10088AB49 /* Seq_v04_640x378_31.jpg in Resources */,
				DD56A77C182287C10088AB49 /* Seq_v04_640x378_26.jpg in Resources */,
				DD56A77D182287C10088AB49 /* Seq_v04_640x378_27.jpg in Resources */,
				DD56A772182287C10088AB49 /* Seq_v04_640x378_17.jpg in Resources */,
				DD56A76E182287C10088AB49 /* Seq_v04_640x378_13.jpg in Resources */,
				DD56A76B182287C10088AB49 /* Seq_v04_640x378_10.jpg in Resources */,
				DD56A789182287C10088AB49 /* Seq_v04_640x378_6.jpg in Resources */,
				DD56A781182287C10088AB49 /* Seq_v04_640x378_30.jpg in Resources */,
				DD56A77F182287C10088AB49 /* Seq_v04_640x378_29.jpg in Resources */,
				DD56A769182287C10088AB49 /* Seq_v04_640x378_0.jpg in Resources */,
				DD56A76F182287C10088AB49 /* Seq_v04_640x378_14.jpg in Resources */,
				DD56A76A182287C10088AB49 /* Seq_v04_640x378_1.jpg in Resources */,
				DD56A786182287C10088AB49 /* Seq_v04_640x378_35.jpg in Resources */,
				DD56A787182287C10088AB49 /* Seq_v04_640x378_4.jpg in Resources */,
				DD56A783182287C10088AB49 /* Seq_v04_640x378_32.jpg in Resources */,
				DD56A6E0181EB3B00088AB49 /* TencentOpenApi_IOS_Bundle.bundle in Resources */,
				DD56A78B182287C10088AB49 /* Seq_v04_640x378_8.jpg in Resources */,
				DD247F8018126A8500D9E6D4 /* InfoPlist.strings in Resources */,
				DD56A76D182287C10088AB49 /* Seq_v04_640x378_12.jpg in Resources */,
				DD56A77E182287C10088AB49 /* Seq_v04_640x378_28.jpg in Resources */,
				DD56A6D7181EB3B00088AB49 /* ShareSDKLocalizable.strings in Resources */,
				DD56A771182287C10088AB49 /* Seq_v04_640x378_16.jpg in Resources */,
				DD56A780182287C10088AB49 /* Seq_v04_640x378_3.jpg in Resources */,
				DD56A773182287C10088AB49 /* Seq_v04_640x378_18.jpg in Resources */,
				DD56A770182287C10088AB49 /* Seq_v04_640x378_15.jpg in Resources */,
				DD56A6D8181EB3B00088AB49 /* Resource.bundle in Resources */,
				DD56A74018214BE30088AB49 /* MoreSettingViewController.xib in Resources */,
				0A51A6251822878000DE7DD3 /* FeedBackViewController.xib in Resources */,
				0AB8BB66182278C0002255C2 /* AboutViewController.xib in Resources */,
				DD56A788182287C10088AB49 /* Seq_v04_640x378_5.jpg in Resources */,
				DD56A777182287C10088AB49 /* Seq_v04_640x378_21.jpg in Resources */,
				DD56A774182287C10088AB49 /* Seq_v04_640x378_19.jpg in Resources */,
				DD56A78A182287C10088AB49 /* Seq_v04_640x378_7.jpg in Resources */,
				DD56A785182287C10088AB49 /* Seq_v04_640x378_34.jpg in Resources */,
				DD56A776182287C10088AB49 /* Seq_v04_640x378_20.jpg in Resources */,
				DD56A778182287C10088AB49 /* Seq_v04_640x378_22.jpg in Resources */,
			);
			runOnlyForDeploymentPostprocessing = 0;
		};
/* End PBXResourcesBuildPhase section */

/* Begin PBXSourcesBuildPhase section */
		427BEF3B1806A71F004AFB8C /* Sources */ = {
			isa = PBXSourcesBuildPhase;
			buildActionMask = 2147483647;
			files = (
				DD1BFBC4180AC0FC0001C200 /* PSTGridLayoutItem.m in Sources */,
				DD1BFBBC180AC0FC0001C200 /* PSTCollectionViewCell.m in Sources */,
				DD56A70F1821434A0088AB49 /* RootViewController+SettingView.m in Sources */,
				DD1BFBD9180AD6020001C200 /* NotificationCell.m in Sources */,
				42BBD88518079B550094E39D /* AppsView.m in Sources */,
				DD1BFBBE180AC0FC0001C200 /* PSTCollectionViewData.m in Sources */,
				DD56A70D1821434A0088AB49 /* RootViewController+BottomNavigationbar.m in Sources */,
				DD56A743182287410088AB49 /* FVImageSequence.m in Sources */,
				DD56A6F9181FE6FC0088AB49 /* SettingView.m in Sources */,
				DD1BFBBB180AC0FC0001C200 /* PSTCollectionView.m in Sources */,
				DD1BFBC2180AC0FC0001C200 /* PSTCollectionViewUpdateItem.m in Sources */,
				DD56A719182143920088AB49 /* MovieViewController.m in Sources */,
				DD56A72D182146010088AB49 /* ShopViewController.m in Sources */,
				DD1BFBBD180AC0FC0001C200 /* PSTCollectionViewController.m in Sources */,
				DD1BFBCD180AC24E0001C200 /* WatchVell.m in Sources */,
				42BBD8911807A4BE0094E39D /* AllAppsView.m in Sources */,
				DD1BFBC6180AC0FC0001C200 /* PSTGridLayoutSection.m in Sources */,
				DD56A731182146800088AB49 /* NaviCommonViewController.m in Sources */,
				DD1BFBD0180AC7280001C200 /* FactoryMethods.m in Sources */,
				DD56A7101821434A0088AB49 /* RootViewController.m in Sources */,
				42BBD88218079B330094E39D /* DialView.m in Sources */,
				DD56A72E182146010088AB49 /* ShopViewController+NaivBar.m in Sources */,
				DD56A71A182143920088AB49 /* SignViewController.m in Sources */,
				DD56A79518229ADE0088AB49 /* AGShareCell.m in Sources */,
				DDEC67E11807010200F3DD7A /* WatchView.m in Sources */,
				42BBD88818079B7B0094E39D /* CommonAppsView.m in Sources */,
				42C676A718237B9600B8474D /* CameraImageHelper.m in Sources */,
				42C676B7182393DF00B8474D /* UIImage+Tool.m in Sources */,
				DD56A724182144490088AB49 /* TryViewController.m in Sources */,
				DD1BFBD6180AD5D90001C200 /* NotificationView.m in Sources */,
				DD1BFBCA180AC1FD0001C200 /* SwitchWatchView.m in Sources */,
				DD1BFBC1180AC0FC0001C200 /* PSTCollectionViewLayout.m in Sources */,
				DD56A702181FFC150088AB49 /* SettingCell.m in Sources */,
				DD56A79818229CC00088AB49 /* AGViewDelegate.m in Sources */,
				DD56A79418229ADE0088AB49 /* AGAuthViewController.m in Sources */,
				DD56A73F18214BE30088AB49 /* MoreSettingViewController.m in Sources */,
				DD1BFBBF180AC0FC0001C200 /* PSTCollectionViewFlowLayout.m in Sources */,
				42C676B418237D7B00B8474D /* TryAdjustViewController.m in Sources */,
				DD1BFBC0180AC0FC0001C200 /* PSTCollectionViewItemKey.m in Sources */,
				DD56A71F1821441A0088AB49 /* _360ViewController.m in Sources */,
				DD1BFBC3180AC0FC0001C200 /* PSTGridLayoutInfo.m in Sources */,
				DD1BFBBA180AC0FC0001C200 /* NSIndexPath+PSTCollectionViewAdditions.m in Sources */,
				DD56A7281821448E0088AB49 /* TMNavigationController.m in Sources */,
				0A51A628182289AE00DE7DD3 /* UIPlaceHolderTextView.m in Sources */,
				0A51A6241822878000DE7DD3 /* FeedBackViewController.m in Sources */,
				DD247F7F18126A8500D9E6D4 /* AppDelegate.m in Sources */,
				DD1BFBC5180AC0FC0001C200 /* PSTGridLayoutRow.m in Sources */,
				DD247F8118126A8500D9E6D4 /* main.m in Sources */,
				0A16E8BC18114C6200DAFAE5 /* ClockView.m in Sources */,
				0AB8BB65182278C0002255C2 /* AboutViewController.m in Sources */,
			);
			runOnlyForDeploymentPostprocessing = 0;
		};
/* End PBXSourcesBuildPhase section */

/* Begin PBXVariantGroup section */
		DD247F7918126A8500D9E6D4 /* InfoPlist.strings */ = {
			isa = PBXVariantGroup;
			children = (
				DD247F7A18126A8500D9E6D4 /* en */,
			);
			name = InfoPlist.strings;
			sourceTree = "<group>";
		};
		DD56A6B0181EB3AF0088AB49 /* ShareSDKLocalizable.strings */ = {
			isa = PBXVariantGroup;
			children = (
				DD56A6B1181EB3AF0088AB49 /* en */,
				DD56A6B4181EB3AF0088AB49 /* zh-Hans */,
			);
			name = ShareSDKLocalizable.strings;
			sourceTree = "<group>";
		};
/* End PBXVariantGroup section */

/* Begin XCBuildConfiguration section */
		427BEF691806A71F004AFB8C /* Debug */ = {
			isa = XCBuildConfiguration;
			buildSettings = {
				ALWAYS_SEARCH_USER_PATHS = NO;
				ARCHS = "$(ARCHS_STANDARD_INCLUDING_64_BIT)";
				CLANG_CXX_LANGUAGE_STANDARD = "gnu++0x";
				CLANG_CXX_LIBRARY = "libc++";
				CLANG_ENABLE_MODULES = YES;
				CLANG_ENABLE_OBJC_ARC = YES;
				CLANG_WARN_BOOL_CONVERSION = YES;
				CLANG_WARN_CONSTANT_CONVERSION = YES;
				CLANG_WARN_DIRECT_OBJC_ISA_USAGE = YES_ERROR;
				CLANG_WARN_EMPTY_BODY = YES;
				CLANG_WARN_ENUM_CONVERSION = YES;
				CLANG_WARN_INT_CONVERSION = YES;
				CLANG_WARN_OBJC_ROOT_CLASS = YES_ERROR;
				CLANG_WARN__DUPLICATE_METHOD_MATCH = YES;
				"CODE_SIGN_IDENTITY[sdk=iphoneos*]" = "iPhone Developer";
				COPY_PHASE_STRIP = NO;
				GCC_C_LANGUAGE_STANDARD = gnu99;
				GCC_DYNAMIC_NO_PIC = NO;
				GCC_OPTIMIZATION_LEVEL = 0;
				GCC_PREPROCESSOR_DEFINITIONS = (
					"DEBUG=1",
					"$(inherited)",
				);
				GCC_SYMBOLS_PRIVATE_EXTERN = NO;
				GCC_WARN_64_TO_32_BIT_CONVERSION = YES;
				GCC_WARN_ABOUT_RETURN_TYPE = YES_ERROR;
				GCC_WARN_UNDECLARED_SELECTOR = YES;
				GCC_WARN_UNINITIALIZED_AUTOS = YES;
				GCC_WARN_UNUSED_FUNCTION = YES;
				GCC_WARN_UNUSED_VARIABLE = YES;
				IPHONEOS_DEPLOYMENT_TARGET = 7.0;
				ONLY_ACTIVE_ARCH = YES;
				SDKROOT = iphoneos;
			};
			name = Debug;
		};
		427BEF6A1806A71F004AFB8C /* Release */ = {
			isa = XCBuildConfiguration;
			buildSettings = {
				ALWAYS_SEARCH_USER_PATHS = NO;
				ARCHS = "$(ARCHS_STANDARD_INCLUDING_64_BIT)";
				CLANG_CXX_LANGUAGE_STANDARD = "gnu++0x";
				CLANG_CXX_LIBRARY = "libc++";
				CLANG_ENABLE_MODULES = YES;
				CLANG_ENABLE_OBJC_ARC = YES;
				CLANG_WARN_BOOL_CONVERSION = YES;
				CLANG_WARN_CONSTANT_CONVERSION = YES;
				CLANG_WARN_DIRECT_OBJC_ISA_USAGE = YES_ERROR;
				CLANG_WARN_EMPTY_BODY = YES;
				CLANG_WARN_ENUM_CONVERSION = YES;
				CLANG_WARN_INT_CONVERSION = YES;
				CLANG_WARN_OBJC_ROOT_CLASS = YES_ERROR;
				CLANG_WARN__DUPLICATE_METHOD_MATCH = YES;
				"CODE_SIGN_IDENTITY[sdk=iphoneos*]" = "iPhone Developer";
				COPY_PHASE_STRIP = YES;
				ENABLE_NS_ASSERTIONS = NO;
				GCC_C_LANGUAGE_STANDARD = gnu99;
				GCC_WARN_64_TO_32_BIT_CONVERSION = YES;
				GCC_WARN_ABOUT_RETURN_TYPE = YES_ERROR;
				GCC_WARN_UNDECLARED_SELECTOR = YES;
				GCC_WARN_UNINITIALIZED_AUTOS = YES;
				GCC_WARN_UNUSED_FUNCTION = YES;
				GCC_WARN_UNUSED_VARIABLE = YES;
				IPHONEOS_DEPLOYMENT_TARGET = 7.0;
				SDKROOT = iphoneos;
				VALIDATE_PRODUCT = YES;
			};
			name = Release;
		};
		427BEF6C1806A71F004AFB8C /* Debug */ = {
			isa = XCBuildConfiguration;
			buildSettings = {
				ARCHS = "$(ARCHS_STANDARD)";
				ASSETCATALOG_COMPILER_APPICON_NAME = AppIcon;
				ASSETCATALOG_COMPILER_LAUNCHIMAGE_NAME = LaunchImage;
				FRAMEWORK_SEARCH_PATHS = (
					"$(inherited)",
					Twatch/ThirdParty/ShareSDK_v2.5.1/Connection,
					Twatch/ThirdParty/ShareSDK_v2.5.1/Core,
					Twatch/ThirdParty/ShareSDK_v2.5.1/Extend/RenRenSDK,
					Twatch/ThirdParty/ShareSDK_v2.5.1/Extend,
					Twatch/ThirdParty/ShareSDK_v2.5.1,
					Twatch/ThirdParty/ShareSDK_v2.5.1/UI,
				);
				GCC_PRECOMPILE_PREFIX_HEADER = YES;
				GCC_PREFIX_HEADER = "Twatch/Supporting Files/Twatch-Prefix.pch";
				INFOPLIST_FILE = "Twatch/Supporting Files/Twatch-Info.plist";
				IPHONEOS_DEPLOYMENT_TARGET = 6.0;
				LIBRARY_SEARCH_PATHS = (
					"$(inherited)",
					Twatch/ThirdParty/ShareSDK_v2.5.1/Extend/libWeiboSDK,
					Twatch/ThirdParty/ShareSDK_v2.5.1/Extend/SDKExport,
					Twatch/ThirdParty/ShareSDK_v2.5.1/Extend/TencentWeiboSSO,
				);
				PRODUCT_NAME = "$(TARGET_NAME)";
				WRAPPER_EXTENSION = app;
			};
			name = Debug;
		};
		427BEF6D1806A71F004AFB8C /* Release */ = {
			isa = XCBuildConfiguration;
			buildSettings = {
				ARCHS = "$(ARCHS_STANDARD)";
				ASSETCATALOG_COMPILER_APPICON_NAME = AppIcon;
				ASSETCATALOG_COMPILER_LAUNCHIMAGE_NAME = LaunchImage;
				FRAMEWORK_SEARCH_PATHS = (
					"$(inherited)",
					Twatch/ThirdParty/ShareSDK_v2.5.1/Connection,
					Twatch/ThirdParty/ShareSDK_v2.5.1/Core,
					Twatch/ThirdParty/ShareSDK_v2.5.1/Extend/RenRenSDK,
					Twatch/ThirdParty/ShareSDK_v2.5.1/Extend,
					Twatch/ThirdParty/ShareSDK_v2.5.1,
					Twatch/ThirdParty/ShareSDK_v2.5.1/UI,
				);
				GCC_PRECOMPILE_PREFIX_HEADER = YES;
				GCC_PREFIX_HEADER = "Twatch/Supporting Files/Twatch-Prefix.pch";
				INFOPLIST_FILE = "Twatch/Supporting Files/Twatch-Info.plist";
				IPHONEOS_DEPLOYMENT_TARGET = 6.0;
				LIBRARY_SEARCH_PATHS = (
					"$(inherited)",
					Twatch/ThirdParty/ShareSDK_v2.5.1/Extend/libWeiboSDK,
					Twatch/ThirdParty/ShareSDK_v2.5.1/Extend/SDKExport,
					Twatch/ThirdParty/ShareSDK_v2.5.1/Extend/TencentWeiboSSO,
				);
				PRODUCT_NAME = "$(TARGET_NAME)";
				WRAPPER_EXTENSION = app;
			};
			name = Release;
		};
/* End XCBuildConfiguration section */

/* Begin XCConfigurationList section */
		427BEF3A1806A71F004AFB8C /* Build configuration list for PBXProject "Twatch" */ = {
			isa = XCConfigurationList;
			buildConfigurations = (
				427BEF691806A71F004AFB8C /* Debug */,
				427BEF6A1806A71F004AFB8C /* Release */,
			);
			defaultConfigurationIsVisible = 0;
			defaultConfigurationName = Release;
		};
		427BEF6B1806A71F004AFB8C /* Build configuration list for PBXNativeTarget "Twatch" */ = {
			isa = XCConfigurationList;
			buildConfigurations = (
				427BEF6C1806A71F004AFB8C /* Debug */,
				427BEF6D1806A71F004AFB8C /* Release */,
			);
			defaultConfigurationIsVisible = 0;
			defaultConfigurationName = Release;
		};
/* End XCConfigurationList section */
	};
	rootObject = 427BEF371806A71F004AFB8C /* Project object */;
}
