// !$*UTF8*$!
{
	archiveVersion = 1;
	classes = {
	};
	objectVersion = 46;
	objects = {

/* Begin PBXBuildFile section */
		0AE35AA41803F46600941705 /* CoreTelephony.framework in Frameworks */ = {isa = PBXBuildFile; fileRef = 0AE35AA31803F46600941705 /* CoreTelephony.framework */; };
		0AF5C9591804E48500851F78 /* AddressBook.framework in Frameworks */ = {isa = PBXBuildFile; fileRef = 0AF5C9571804E48400851F78 /* AddressBook.framework */; };
		0AF5C95A1804E48500851F78 /* AddressBookUI.framework in Frameworks */ = {isa = PBXBuildFile; fileRef = 0AF5C9581804E48400851F78 /* AddressBookUI.framework */; };
		1D60589F0D05DD5A006BFB54 /* Foundation.framework in Frameworks */ = {isa = PBXBuildFile; fileRef = 1D30AB110D05D00D00671497 /* Foundation.framework */; };
		1DF5F4E00D08C38300B7A737 /* UIKit.framework in Frameworks */ = {isa = PBXBuildFile; fileRef = 1DF5F4DF0D08C38300B7A737 /* UIKit.framework */; };
		288765A50DF7441C002DB57D /* CoreGraphics.framework in Frameworks */ = {isa = PBXBuildFile; fileRef = 288765A40DF7441C002DB57D /* CoreGraphics.framework */; };
		31B1D6EB1805A96C0076A49C /* BluetoothAppDelegate.m in Sources */ = {isa = PBXBuildFile; fileRef = 31B1D6C21805A96C0076A49C /* BluetoothAppDelegate.m */; };
		31B1D6EC1805A96C0076A49C /* main.m in Sources */ = {isa = PBXBuildFile; fileRef = 31B1D6C31805A96C0076A49C /* main.m */; };
		31B1D6ED1805A96C0076A49C /* MainWindow.xib in Resources */ = {isa = PBXBuildFile; fileRef = 31B1D6C41805A96C0076A49C /* MainWindow.xib */; };
		31B1D6EE1805A96C0076A49C /* ContactMethod.m in Sources */ = {isa = PBXBuildFile; fileRef = 31B1D6C71805A96C0076A49C /* ContactMethod.m */; };
		31B1D6EF1805A96C0076A49C /* BluetoothViewController.m in Sources */ = {isa = PBXBuildFile; fileRef = 31B1D6CA1805A96C0076A49C /* BluetoothViewController.m */; };
		31B1D6F01805A96C0076A49C /* BluetoothViewController.xib in Resources */ = {isa = PBXBuildFile; fileRef = 31B1D6CB1805A96C0076A49C /* BluetoothViewController.xib */; };
		31B1D6F11805A96C0076A49C /* SlideToCancelViewController.m in Sources */ = {isa = PBXBuildFile; fileRef = 31B1D6CD1805A96C0076A49C /* SlideToCancelViewController.m */; };
		31B1D6F21805A96C0076A49C /* bg.png in Resources */ = {isa = PBXBuildFile; fileRef = 31B1D6D01805A96C0076A49C /* bg.png */; };
		31B1D6F31805A96C0076A49C /* bg@2x.png in Resources */ = {isa = PBXBuildFile; fileRef = 31B1D6D11805A96C0076A49C /* bg@2x.png */; };
		31B1D6F41805A96C0076A49C /* bj.png in Resources */ = {isa = PBXBuildFile; fileRef = 31B1D6D21805A96C0076A49C /* bj.png */; };
		31B1D6F51805A96C0076A49C /* bj@2x.png in Resources */ = {isa = PBXBuildFile; fileRef = 31B1D6D31805A96C0076A49C /* bj@2x.png */; };
		31B1D6F61805A96C0076A49C /* connect.png in Resources */ = {isa = PBXBuildFile; fileRef = 31B1D6D41805A96C0076A49C /* connect.png */; };
		31B1D6F71805A96C0076A49C /* connect@2x.png in Resources */ = {isa = PBXBuildFile; fileRef = 31B1D6D51805A96C0076A49C /* connect@2x.png */; };
		31B1D6F81805A96C0076A49C /* disconnect.png in Resources */ = {isa = PBXBuildFile; fileRef = 31B1D6D61805A96C0076A49C /* disconnect.png */; };
		31B1D6F91805A96C0076A49C /* icon.png in Resources */ = {isa = PBXBuildFile; fileRef = 31B1D6D71805A96C0076A49C /* icon.png */; };
		31B1D6FA1805A96C0076A49C /* icon@2x.png in Resources */ = {isa = PBXBuildFile; fileRef = 31B1D6D81805A96C0076A49C /* icon@2x.png */; };
		31B1D6FB1805A96C0076A49C /* icon_02.png in Resources */ = {isa = PBXBuildFile; fileRef = 31B1D6D91805A96C0076A49C /* icon_02.png */; };
		31B1D6FC1805A96C0076A49C /* icon_02@2x.png in Resources */ = {isa = PBXBuildFile; fileRef = 31B1D6DA1805A96C0076A49C /* icon_02@2x.png */; };
		31B1D6FD1805A96C0076A49C /* rmb.png in Resources */ = {isa = PBXBuildFile; fileRef = 31B1D6DB1805A96C0076A49C /* rmb.png */; };
		31B1D6FE1805A96C0076A49C /* rmb@2x.png in Resources */ = {isa = PBXBuildFile; fileRef = 31B1D6DC1805A96C0076A49C /* rmb@2x.png */; };
		31B1D6FF1805A96C0076A49C /* send.png in Resources */ = {isa = PBXBuildFile; fileRef = 31B1D6DD1805A96C0076A49C /* send.png */; };
		31B1D7001805A96C0076A49C /* sliderMaxMin-02.png in Resources */ = {isa = PBXBuildFile; fileRef = 31B1D6DE1805A96C0076A49C /* sliderMaxMin-02.png */; };
		31B1D7011805A96C0076A49C /* tab.png in Resources */ = {isa = PBXBuildFile; fileRef = 31B1D6DF1805A96C0076A49C /* tab.png */; };
		31B1D7021805A96C0076A49C /* tab@2x.png in Resources */ = {isa = PBXBuildFile; fileRef = 31B1D6E01805A96C0076A49C /* tab@2x.png */; };
		31B1D7031805A96C0076A49C /* textview.png in Resources */ = {isa = PBXBuildFile; fileRef = 31B1D6E11805A96C0076A49C /* textview.png */; };
		31B1D7041805A96C0076A49C /* top1.png in Resources */ = {isa = PBXBuildFile; fileRef = 31B1D6E21805A96C0076A49C /* top1.png */; };
		31B1D7051805A96C0076A49C /* top1@2x.png in Resources */ = {isa = PBXBuildFile; fileRef = 31B1D6E31805A96C0076A49C /* top1@2x.png */; };
		31B1D7061805A96C0076A49C /* txet.png in Resources */ = {isa = PBXBuildFile; fileRef = 31B1D6E41805A96C0076A49C /* txet.png */; };
		31B1D7071805A96C0076A49C /* txet@2x.png in Resources */ = {isa = PBXBuildFile; fileRef = 31B1D6E51805A96C0076A49C /* txet@2x.png */; };
		31B1D7081805A96C0076A49C /* RegexKitLite.m in Sources */ = {isa = PBXBuildFile; fileRef = 31B1D6E81805A96C0076A49C /* RegexKitLite.m */; };
		D6B2FBAD1803F52B00366272 /* Default-568h@2x.png in Resources */ = {isa = PBXBuildFile; fileRef = D6B2FBAC1803F52B00366272 /* Default-568h@2x.png */; };
		EB65E99113F9136800B99CA8 /* GameKit.framework in Frameworks */ = {isa = PBXBuildFile; fileRef = EB65E99013F9136800B99CA8 /* GameKit.framework */; };
/* End PBXBuildFile section */

/* Begin PBXFileReference section */
		0AE35AA31803F46600941705 /* CoreTelephony.framework */ = {isa = PBXFileReference; lastKnownFileType = wrapper.framework; name = CoreTelephony.framework; path = System/Library/Frameworks/CoreTelephony.framework; sourceTree = SDKROOT; };
		0AF5C9571804E48400851F78 /* AddressBook.framework */ = {isa = PBXFileReference; lastKnownFileType = wrapper.framework; name = AddressBook.framework; path = System/Library/Frameworks/AddressBook.framework; sourceTree = SDKROOT; };
		0AF5C9581804E48400851F78 /* AddressBookUI.framework */ = {isa = PBXFileReference; lastKnownFileType = wrapper.framework; name = AddressBookUI.framework; path = System/Library/Frameworks/AddressBookUI.framework; sourceTree = SDKROOT; };
		1D30AB110D05D00D00671497 /* Foundation.framework */ = {isa = PBXFileReference; lastKnownFileType = wrapper.framework; name = Foundation.framework; path = System/Library/Frameworks/Foundation.framework; sourceTree = SDKROOT; };
		1D6058910D05DD3D006BFB54 /* Bluetooth.app */ = {isa = PBXFileReference; explicitFileType = wrapper.application; includeInIndex = 0; path = Bluetooth.app; sourceTree = BUILT_PRODUCTS_DIR; };
		1DF5F4DF0D08C38300B7A737 /* UIKit.framework */ = {isa = PBXFileReference; lastKnownFileType = wrapper.framework; name = UIKit.framework; path = System/Library/Frameworks/UIKit.framework; sourceTree = SDKROOT; };
		288765A40DF7441C002DB57D /* CoreGraphics.framework */ = {isa = PBXFileReference; lastKnownFileType = wrapper.framework; name = CoreGraphics.framework; path = System/Library/Frameworks/CoreGraphics.framework; sourceTree = SDKROOT; };
		31B1D6BF1805A96C0076A49C /* Bluetooth-Info.plist */ = {isa = PBXFileReference; fileEncoding = 4; lastKnownFileType = text.plist.xml; path = "Bluetooth-Info.plist"; sourceTree = "<group>"; };
		31B1D6C01805A96C0076A49C /* Bluetooth-Prefix.pch */ = {isa = PBXFileReference; fileEncoding = 4; lastKnownFileType = sourcecode.c.h; path = "Bluetooth-Prefix.pch"; sourceTree = "<group>"; };
		31B1D6C11805A96C0076A49C /* BluetoothAppDelegate.h */ = {isa = PBXFileReference; fileEncoding = 4; lastKnownFileType = sourcecode.c.h; path = BluetoothAppDelegate.h; sourceTree = "<group>"; };
		31B1D6C21805A96C0076A49C /* BluetoothAppDelegate.m */ = {isa = PBXFileReference; fileEncoding = 4; lastKnownFileType = sourcecode.c.objc; path = BluetoothAppDelegate.m; sourceTree = "<group>"; };
		31B1D6C31805A96C0076A49C /* main.m */ = {isa = PBXFileReference; fileEncoding = 4; lastKnownFileType = sourcecode.c.objc; path = main.m; sourceTree = "<group>"; };
		31B1D6C41805A96C0076A49C /* MainWindow.xib */ = {isa = PBXFileReference; fileEncoding = 4; lastKnownFileType = file.xib; path = MainWindow.xib; sourceTree = "<group>"; };
		31B1D6C61805A96C0076A49C /* ContactMethod.h */ = {isa = PBXFileReference; fileEncoding = 4; lastKnownFileType = sourcecode.c.h; path = ContactMethod.h; sourceTree = "<group>"; };
		31B1D6C71805A96C0076A49C /* ContactMethod.m */ = {isa = PBXFileReference; fileEncoding = 4; lastKnownFileType = sourcecode.c.objc; path = ContactMethod.m; sourceTree = "<group>"; };
		31B1D6C91805A96C0076A49C /* BluetoothViewController.h */ = {isa = PBXFileReference; fileEncoding = 4; lastKnownFileType = sourcecode.c.h; path = BluetoothViewController.h; sourceTree = "<group>"; };
		31B1D6CA1805A96C0076A49C /* BluetoothViewController.m */ = {isa = PBXFileReference; fileEncoding = 4; lastKnownFileType = sourcecode.c.objc; path = BluetoothViewController.m; sourceTree = "<group>"; };
		31B1D6CB1805A96C0076A49C /* BluetoothViewController.xib */ = {isa = PBXFileReference; fileEncoding = 4; lastKnownFileType = file.xib; path = BluetoothViewController.xib; sourceTree = "<group>"; };
		31B1D6CC1805A96C0076A49C /* SlideToCancelViewController.h */ = {isa = PBXFileReference; fileEncoding = 4; lastKnownFileType = sourcecode.c.h; path = SlideToCancelViewController.h; sourceTree = "<group>"; };
		31B1D6CD1805A96C0076A49C /* SlideToCancelViewController.m */ = {isa = PBXFileReference; fileEncoding = 4; lastKnownFileType = sourcecode.c.objc; path = SlideToCancelViewController.m; sourceTree = "<group>"; };
		31B1D6D01805A96C0076A49C /* bg.png */ = {isa = PBXFileReference; lastKnownFileType = image.png; path = bg.png; sourceTree = "<group>"; };
		31B1D6D11805A96C0076A49C /* bg@2x.png */ = {isa = PBXFileReference; lastKnownFileType = image.png; path = "bg@2x.png"; sourceTree = "<group>"; };
		31B1D6D21805A96C0076A49C /* bj.png */ = {isa = PBXFileReference; lastKnownFileType = image.png; path = bj.png; sourceTree = "<group>"; };
		31B1D6D31805A96C0076A49C /* bj@2x.png */ = {isa = PBXFileReference; lastKnownFileType = image.png; path = "bj@2x.png"; sourceTree = "<group>"; };
		31B1D6D41805A96C0076A49C /* connect.png */ = {isa = PBXFileReference; lastKnownFileType = image.png; path = connect.png; sourceTree = "<group>"; };
		31B1D6D51805A96C0076A49C /* connect@2x.png */ = {isa = PBXFileReference; lastKnownFileType = image.png; path = "connect@2x.png"; sourceTree = "<group>"; };
		31B1D6D61805A96C0076A49C /* disconnect.png */ = {isa = PBXFileReference; lastKnownFileType = image.png; path = disconnect.png; sourceTree = "<group>"; };
		31B1D6D71805A96C0076A49C /* icon.png */ = {isa = PBXFileReference; lastKnownFileType = image.png; path = icon.png; sourceTree = "<group>"; };
		31B1D6D81805A96C0076A49C /* icon@2x.png */ = {isa = PBXFileReference; lastKnownFileType = image.png; path = "icon@2x.png"; sourceTree = "<group>"; };
		31B1D6D91805A96C0076A49C /* icon_02.png */ = {isa = PBXFileReference; lastKnownFileType = image.png; path = icon_02.png; sourceTree = "<group>"; };
		31B1D6DA1805A96C0076A49C /* icon_02@2x.png */ = {isa = PBXFileReference; lastKnownFileType = image.png; path = "icon_02@2x.png"; sourceTree = "<group>"; };
		31B1D6DB1805A96C0076A49C /* rmb.png */ = {isa = PBXFileReference; lastKnownFileType = image.png; path = rmb.png; sourceTree = "<group>"; };
		31B1D6DC1805A96C0076A49C /* rmb@2x.png */ = {isa = PBXFileReference; lastKnownFileType = image.png; path = "rmb@2x.png"; sourceTree = "<group>"; };
		31B1D6DD1805A96C0076A49C /* send.png */ = {isa = PBXFileReference; lastKnownFileType = image.png; path = send.png; sourceTree = "<group>"; };
		31B1D6DE1805A96C0076A49C /* sliderMaxMin-02.png */ = {isa = PBXFileReference; lastKnownFileType = image.png; path = "sliderMaxMin-02.png"; sourceTree = "<group>"; };
		31B1D6DF1805A96C0076A49C /* tab.png */ = {isa = PBXFileReference; lastKnownFileType = image.png; path = tab.png; sourceTree = "<group>"; };
		31B1D6E01805A96C0076A49C /* tab@2x.png */ = {isa = PBXFileReference; lastKnownFileType = image.png; path = "tab@2x.png"; sourceTree = "<group>"; };
		31B1D6E11805A96C0076A49C /* textview.png */ = {isa = PBXFileReference; lastKnownFileType = image.png; path = textview.png; sourceTree = "<group>"; };
		31B1D6E21805A96C0076A49C /* top1.png */ = {isa = PBXFileReference; lastKnownFileType = image.png; path = top1.png; sourceTree = "<group>"; };
		31B1D6E31805A96C0076A49C /* top1@2x.png */ = {isa = PBXFileReference; lastKnownFileType = image.png; path = "top1@2x.png"; sourceTree = "<group>"; };
		31B1D6E41805A96C0076A49C /* txet.png */ = {isa = PBXFileReference; lastKnownFileType = image.png; path = txet.png; sourceTree = "<group>"; };
		31B1D6E51805A96C0076A49C /* txet@2x.png */ = {isa = PBXFileReference; lastKnownFileType = image.png; path = "txet@2x.png"; sourceTree = "<group>"; };
		31B1D6E71805A96C0076A49C /* RegexKitLite.h */ = {isa = PBXFileReference; fileEncoding = 4; lastKnownFileType = sourcecode.c.h; path = RegexKitLite.h; sourceTree = "<group>"; };
		31B1D6E81805A96C0076A49C /* RegexKitLite.m */ = {isa = PBXFileReference; fileEncoding = 4; lastKnownFileType = sourcecode.c.objc; path = RegexKitLite.m; sourceTree = "<group>"; };
		D6B2FBAC1803F52B00366272 /* Default-568h@2x.png */ = {isa = PBXFileReference; lastKnownFileType = image.png; path = "Default-568h@2x.png"; sourceTree = "<group>"; };
		EB65E99013F9136800B99CA8 /* GameKit.framework */ = {isa = PBXFileReference; lastKnownFileType = wrapper.framework; name = GameKit.framework; path = System/Library/Frameworks/GameKit.framework; sourceTree = SDKROOT; };
/* End PBXFileReference section */

/* Begin PBXFrameworksBuildPhase section */
		1D60588F0D05DD3D006BFB54 /* Frameworks */ = {
			isa = PBXFrameworksBuildPhase;
			buildActionMask = 2147483647;
			files = (
				0AF5C9591804E48500851F78 /* AddressBook.framework in Frameworks */,
				0AF5C95A1804E48500851F78 /* AddressBookUI.framework in Frameworks */,
				0AE35AA41803F46600941705 /* CoreTelephony.framework in Frameworks */,
				1D60589F0D05DD5A006BFB54 /* Foundation.framework in Frameworks */,
				1DF5F4E00D08C38300B7A737 /* UIKit.framework in Frameworks */,
				288765A50DF7441C002DB57D /* CoreGraphics.framework in Frameworks */,
				EB65E99113F9136800B99CA8 /* GameKit.framework in Frameworks */,
			);
			runOnlyForDeploymentPostprocessing = 0;
		};
/* End PBXFrameworksBuildPhase section */

/* Begin PBXGroup section */
		19C28FACFE9D520D11CA2CBB /* Products */ = {
			isa = PBXGroup;
			children = (
				1D6058910D05DD3D006BFB54 /* Bluetooth.app */,
			);
			name = Products;
			sourceTree = "<group>";
		};
		29B97314FDCFA39411CA2CEA /* CustomTemplate */ = {
			isa = PBXGroup;
			children = (
				D6B2FBAC1803F52B00366272 /* Default-568h@2x.png */,
				31B1D6C81805A96C0076A49C /* NavigationController */,
				31B1D6E91805A96C0076A49C /* View */,
				31B1D6C51805A96C0076A49C /* Model */,
				31B1D6E61805A96C0076A49C /* ThirdParty */,
				31B1D6CE1805A96C0076A49C /* Resource */,
				31B1D6BE1805A96C0076A49C /* Application */,
				29B97323FDCFA39411CA2CEA /* Frameworks */,
				19C28FACFE9D520D11CA2CBB /* Products */,
			);
			name = CustomTemplate;
			sourceTree = "<group>";
		};
		29B97323FDCFA39411CA2CEA /* Frameworks */ = {
			isa = PBXGroup;
			children = (
				0AF5C9571804E48400851F78 /* AddressBook.framework */,
				0AF5C9581804E48400851F78 /* AddressBookUI.framework */,
				0AE35AA31803F46600941705 /* CoreTelephony.framework */,
				1DF5F4DF0D08C38300B7A737 /* UIKit.framework */,
				1D30AB110D05D00D00671497 /* Foundation.framework */,
				288765A40DF7441C002DB57D /* CoreGraphics.framework */,
				EB65E99013F9136800B99CA8 /* GameKit.framework */,
			);
			name = Frameworks;
			sourceTree = "<group>";
		};
		31B1D6BE1805A96C0076A49C /* Application */ = {
			isa = PBXGroup;
			children = (
				31B1D6BF1805A96C0076A49C /* Bluetooth-Info.plist */,
				31B1D6C01805A96C0076A49C /* Bluetooth-Prefix.pch */,
				31B1D6C11805A96C0076A49C /* BluetoothAppDelegate.h */,
				31B1D6C21805A96C0076A49C /* BluetoothAppDelegate.m */,
				31B1D6C31805A96C0076A49C /* main.m */,
				31B1D6C41805A96C0076A49C /* MainWindow.xib */,
			);
			name = Application;
			path = Classes/Application;
			sourceTree = "<group>";
		};
		31B1D6C51805A96C0076A49C /* Model */ = {
			isa = PBXGroup;
			children = (
				31B1D6C61805A96C0076A49C /* ContactMethod.h */,
				31B1D6C71805A96C0076A49C /* ContactMethod.m */,
			);
			name = Model;
			path = Classes/Model;
			sourceTree = "<group>";
		};
		31B1D6C81805A96C0076A49C /* NavigationController */ = {
			isa = PBXGroup;
			children = (
				31B1D6C91805A96C0076A49C /* BluetoothViewController.h */,
				31B1D6CA1805A96C0076A49C /* BluetoothViewController.m */,
				31B1D6CB1805A96C0076A49C /* BluetoothViewController.xib */,
				31B1D6CC1805A96C0076A49C /* SlideToCancelViewController.h */,
				31B1D6CD1805A96C0076A49C /* SlideToCancelViewController.m */,
			);
			name = NavigationController;
			path = Classes/NavigationController;
			sourceTree = "<group>";
		};
		31B1D6CE1805A96C0076A49C /* Resource */ = {
			isa = PBXGroup;
			children = (
				31B1D6CF1805A96C0076A49C /* Image */,
			);
			name = Resource;
			path = Classes/Resource;
			sourceTree = "<group>";
		};
		31B1D6CF1805A96C0076A49C /* Image */ = {
			isa = PBXGroup;
			children = (
				31B1D6D01805A96C0076A49C /* bg.png */,
				31B1D6D11805A96C0076A49C /* bg@2x.png */,
				31B1D6D21805A96C0076A49C /* bj.png */,
				31B1D6D31805A96C0076A49C /* bj@2x.png */,
				31B1D6D41805A96C0076A49C /* connect.png */,
				31B1D6D51805A96C0076A49C /* connect@2x.png */,
				31B1D6D61805A96C0076A49C /* disconnect.png */,
				31B1D6D71805A96C0076A49C /* icon.png */,
				31B1D6D81805A96C0076A49C /* icon@2x.png */,
				31B1D6D91805A96C0076A49C /* icon_02.png */,
				31B1D6DA1805A96C0076A49C /* icon_02@2x.png */,
				31B1D6DB1805A96C0076A49C /* rmb.png */,
				31B1D6DC1805A96C0076A49C /* rmb@2x.png */,
				31B1D6DD1805A96C0076A49C /* send.png */,
				31B1D6DE1805A96C0076A49C /* sliderMaxMin-02.png */,
				31B1D6DF1805A96C0076A49C /* tab.png */,
				31B1D6E01805A96C0076A49C /* tab@2x.png */,
				31B1D6E11805A96C0076A49C /* textview.png */,
				31B1D6E21805A96C0076A49C /* top1.png */,
				31B1D6E31805A96C0076A49C /* top1@2x.png */,
				31B1D6E41805A96C0076A49C /* txet.png */,
				31B1D6E51805A96C0076A49C /* txet@2x.png */,
			);
			path = Image;
			sourceTree = "<group>";
		};
		31B1D6E61805A96C0076A49C /* ThirdParty */ = {
			isa = PBXGroup;
			children = (
				31B1D6E71805A96C0076A49C /* RegexKitLite.h */,
				31B1D6E81805A96C0076A49C /* RegexKitLite.m */,
			);
			name = ThirdParty;
			path = Classes/ThirdParty;
			sourceTree = "<group>";
		};
		31B1D6E91805A96C0076A49C /* View */ = {
			isa = PBXGroup;
			children = (
			);
			name = View;
			path = Classes/View;
			sourceTree = "<group>";
		};
/* End PBXGroup section */

/* Begin PBXNativeTarget section */
		1D6058900D05DD3D006BFB54 /* Bluetooth */ = {
			isa = PBXNativeTarget;
			buildConfigurationList = 1D6058960D05DD3E006BFB54 /* Build configuration list for PBXNativeTarget "Bluetooth" */;
			buildPhases = (
				1D60588D0D05DD3D006BFB54 /* Resources */,
				1D60588E0D05DD3D006BFB54 /* Sources */,
				1D60588F0D05DD3D006BFB54 /* Frameworks */,
			);
			buildRules = (
			);
			dependencies = (
			);
			name = Bluetooth;
			productName = Bluetooth;
			productReference = 1D6058910D05DD3D006BFB54 /* Bluetooth.app */;
			productType = "com.apple.product-type.application";
		};
/* End PBXNativeTarget section */

/* Begin PBXProject section */
		29B97313FDCFA39411CA2CEA /* Project object */ = {
			isa = PBXProject;
			attributes = {
				LastUpgradeCheck = 0500;
			};
			buildConfigurationList = C01FCF4E08A954540054247B /* Build configuration list for PBXProject "Bluetooth" */;
			compatibilityVersion = "Xcode 3.2";
			developmentRegion = English;
			hasScannedForEncodings = 1;
			knownRegions = (
				English,
				Japanese,
				French,
				German,
			);
			mainGroup = 29B97314FDCFA39411CA2CEA /* CustomTemplate */;
			projectDirPath = "";
			projectRoot = "";
			targets = (
				1D6058900D05DD3D006BFB54 /* Bluetooth */,
			);
		};
/* End PBXProject section */

/* Begin PBXResourcesBuildPhase section */
		1D60588D0D05DD3D006BFB54 /* Resources */ = {
			isa = PBXResourcesBuildPhase;
			buildActionMask = 2147483647;
			files = (
				31B1D7001805A96C0076A49C /* sliderMaxMin-02.png in Resources */,
				31B1D7061805A96C0076A49C /* txet.png in Resources */,
				31B1D6F21805A96C0076A49C /* bg.png in Resources */,
				31B1D6F61805A96C0076A49C /* connect.png in Resources */,
				31B1D6FA1805A96C0076A49C /* icon@2x.png in Resources */,
				31B1D7051805A96C0076A49C /* top1@2x.png in Resources */,
				D6B2FBAD1803F52B00366272 /* Default-568h@2x.png in Resources */,
				31B1D7011805A96C0076A49C /* tab.png in Resources */,
				31B1D6FB1805A96C0076A49C /* icon_02.png in Resources */,
				31B1D7031805A96C0076A49C /* textview.png in Resources */,
				31B1D7041805A96C0076A49C /* top1.png in Resources */,
				31B1D6F51805A96C0076A49C /* bj@2x.png in Resources */,
				31B1D6F41805A96C0076A49C /* bj.png in Resources */,
				31B1D7071805A96C0076A49C /* txet@2x.png in Resources */,
				31B1D6FE1805A96C0076A49C /* rmb@2x.png in Resources */,
				31B1D6F01805A96C0076A49C /* BluetoothViewController.xib in Resources */,
				31B1D6F81805A96C0076A49C /* disconnect.png in Resources */,
				31B1D6F31805A96C0076A49C /* bg@2x.png in Resources */,
				31B1D6FF1805A96C0076A49C /* send.png in Resources */,
				31B1D6F91805A96C0076A49C /* icon.png in Resources */,
				31B1D6FD1805A96C0076A49C /* rmb.png in Resources */,
				31B1D6F71805A96C0076A49C /* connect@2x.png in Resources */,
				31B1D6FC1805A96C0076A49C /* icon_02@2x.png in Resources */,
				31B1D6ED1805A96C0076A49C /* MainWindow.xib in Resources */,
				31B1D7021805A96C0076A49C /* tab@2x.png in Resources */,
			);
			runOnlyForDeploymentPostprocessing = 0;
		};
/* End PBXResourcesBuildPhase section */

/* Begin PBXSourcesBuildPhase section */
		1D60588E0D05DD3D006BFB54 /* Sources */ = {
			isa = PBXSourcesBuildPhase;
			buildActionMask = 2147483647;
			files = (
				31B1D7081805A96C0076A49C /* RegexKitLite.m in Sources */,
				31B1D6EC1805A96C0076A49C /* main.m in Sources */,
				31B1D6F11805A96C0076A49C /* SlideToCancelViewController.m in Sources */,
				31B1D6EF1805A96C0076A49C /* BluetoothViewController.m in Sources */,
				31B1D6EE1805A96C0076A49C /* ContactMethod.m in Sources */,
				31B1D6EB1805A96C0076A49C /* BluetoothAppDelegate.m in Sources */,
			);
			runOnlyForDeploymentPostprocessing = 0;
		};
/* End PBXSourcesBuildPhase section */

/* Begin XCBuildConfiguration section */
		1D6058940D05DD3E006BFB54 /* Debug */ = {
			isa = XCBuildConfiguration;
			buildSettings = {
				ALWAYS_SEARCH_USER_PATHS = NO;
				CODE_SIGN_IDENTITY = "iPhone Developer: wang zeng (F938LBL6VQ)";
				"CODE_SIGN_IDENTITY[sdk=iphoneos*]" = "iPhone Developer: wang zeng (F938LBL6VQ)";
				COPY_PHASE_STRIP = NO;
				GCC_DYNAMIC_NO_PIC = NO;
				GCC_OPTIMIZATION_LEVEL = 0;
				GCC_PRECOMPILE_PREFIX_HEADER = YES;
				GCC_PREFIX_HEADER = "Classes/Application/Bluetooth-Prefix.pch";
				INFOPLIST_FILE = "Classes/Application/Bluetooth-Info.plist";
				IPHONEOS_DEPLOYMENT_TARGET = 5.0;
				ONLY_ACTIVE_ARCH = YES;
				OTHER_LDFLAGS = "-licucore";
				PRODUCT_NAME = Bluetooth;
				PROVISIONING_PROFILE = "38109E21-2A53-4373-80CA-67F479288572";
				"PROVISIONING_PROFILE[sdk=iphoneos*]" = "38109E21-2A53-4373-80CA-67F479288572";
				SDKROOT = iphoneos;
			};
			name = Debug;
		};
		1D6058950D05DD3E006BFB54 /* Release */ = {
			isa = XCBuildConfiguration;
			buildSettings = {
				ALWAYS_SEARCH_USER_PATHS = NO;
				CODE_SIGN_IDENTITY = "iPhone Developer: wang zeng (F938LBL6VQ)";
				"CODE_SIGN_IDENTITY[sdk=iphoneos*]" = "iPhone Developer: wang zeng (F938LBL6VQ)";
				COPY_PHASE_STRIP = YES;
				GCC_PRECOMPILE_PREFIX_HEADER = YES;
				GCC_PREFIX_HEADER = "Classes/Application/Bluetooth-Prefix.pch";
				INFOPLIST_FILE = "Classes/Application/Bluetooth-Info.plist";
				IPHONEOS_DEPLOYMENT_TARGET = 5.0;
				ONLY_ACTIVE_ARCH = YES;
				OTHER_LDFLAGS = "-licucore";
				PRODUCT_NAME = Bluetooth;
				PROVISIONING_PROFILE = "38109E21-2A53-4373-80CA-67F479288572";
				"PROVISIONING_PROFILE[sdk=iphoneos*]" = "38109E21-2A53-4373-80CA-67F479288572";
				SDKROOT = iphoneos;
				VALIDATE_PRODUCT = YES;
			};
			name = Release;
		};
		C01FCF4F08A954540054247B /* Debug */ = {
			isa = XCBuildConfiguration;
			buildSettings = {
				"CODE_SIGN_IDENTITY[sdk=iphoneos*]" = "iPhone Developer";
				GCC_C_LANGUAGE_STANDARD = c99;
				GCC_WARN_ABOUT_RETURN_TYPE = YES;
				GCC_WARN_UNUSED_VARIABLE = YES;
				ONLY_ACTIVE_ARCH = YES;
				PREBINDING = NO;
				SDKROOT = iphoneos;
			};
			name = Debug;
		};
		C01FCF5008A954540054247B /* Release */ = {
			isa = XCBuildConfiguration;
			buildSettings = {
				"CODE_SIGN_IDENTITY[sdk=iphoneos*]" = "iPhone Developer";
				GCC_C_LANGUAGE_STANDARD = c99;
				GCC_WARN_ABOUT_RETURN_TYPE = YES;
				GCC_WARN_UNUSED_VARIABLE = YES;
				OTHER_CFLAGS = "-DNS_BLOCK_ASSERTIONS=1";
				PREBINDING = NO;
				SDKROOT = iphoneos;
			};
			name = Release;
		};
/* End XCBuildConfiguration section */

/* Begin XCConfigurationList section */
		1D6058960D05DD3E006BFB54 /* Build configuration list for PBXNativeTarget "Bluetooth" */ = {
			isa = XCConfigurationList;
			buildConfigurations = (
				1D6058940D05DD3E006BFB54 /* Debug */,
				1D6058950D05DD3E006BFB54 /* Release */,
			);
			defaultConfigurationIsVisible = 0;
			defaultConfigurationName = Release;
		};
		C01FCF4E08A954540054247B /* Build configuration list for PBXProject "Bluetooth" */ = {
			isa = XCConfigurationList;
			buildConfigurations = (
				C01FCF4F08A954540054247B /* Debug */,
				C01FCF5008A954540054247B /* Release */,
			);
			defaultConfigurationIsVisible = 0;
			defaultConfigurationName = Release;
		};
/* End XCConfigurationList section */
	};
	rootObject = 29B97313FDCFA39411CA2CEA /* Project object */;
}
